PODS:
  - Bandyer (1.3.0):
    - Bandyer/WebRTC (= 1.3.0)
    - Socket.IO-Client-Swift (~> 15.1)
    - TwilioChatClient (~> 2.6)
  - Bandyer/WebRTC (1.3.0):
    - Socket.IO-Client-Swift (~> 15.1)
    - TwilioChatClient (~> 2.6)
  - Cordova (4.5.4)
  - OCHamcrest (7.1.2)
  - OCMockito (5.1.2):
    - OCHamcrest (~> 7.0)
  - Socket.IO-Client-Swift (15.2.0):
    - Starscream (~> 3.1)
  - Starscream (3.1.1)
  - TwilioChatClient (2.6.5)

DEPENDENCIES:
  - Bandyer (from `https://github.com/Bandyer/Bandyer-iOS-SDK.git`, tag `1.3.0`)
  - Cordova (~> 4.5.4)
  - OCHamcrest (~> 7.1)
  - OCMockito (~> 5.1)

SPEC REPOS:
  trunk:
    - Cordova
    - OCHamcrest
    - OCMockito
    - Socket.IO-Client-Swift
    - Starscream
    - TwilioChatClient

EXTERNAL SOURCES:
  Bandyer:
    :git: https://github.com/Bandyer/Bandyer-iOS-SDK.git
    :tag: 1.3.0

CHECKOUT OPTIONS:
  Bandyer:
    :git: https://github.com/Bandyer/Bandyer-iOS-SDK.git
    :tag: 1.3.0

SPEC CHECKSUMS:
  Bandyer: 3c70ef738dd8fe4d7e3228dc2ced22b0e3b85197
  Cordova: 90a337977b8667a80483f559268c82062b1183da
  OCHamcrest: b284c9592c28c1e4025a8542e67ea41a635d0d73
  OCMockito: 51a534e667194e1ecae88c5def301cc8b0ab3cc7
  Socket.IO-Client-Swift: 1e3e3a1f09f3312a167f0d781eb2f383d477357c
  Starscream: 4bb2f9942274833f7b4d296a55504dcfc7edb7b0
  TwilioChatClient: c7d2cc9c7769f9f082bbac719c09192e62bf26cc

PODFILE CHECKSUM: 22d6c59e043d4511e9c6d351dbbdede8249fbad7

COCOAPODS: 1.8.4
