PODS:
  - BandyerSDK (1.1.1):
    - BandyerSDK/WebRTC (= 1.1.1)
    - Socket.IO-Client-Swift (~> 14.0)
  - BandyerSDK/WebRTC (1.1.1):
    - Socket.IO-Client-Swift (~> 14.0)
  - Cordova (4.5.4)
  - Socket.IO-Client-Swift (14.0.0):
    - Starscream (~> 3.0.6)
  - Starscream (3.0.6)

DEPENDENCIES:
  - BandyerSDK (from `https://github.com/Bandyer/Bandyer-iOS-SDK.git`, tag `1.1.1`)
  - Cordova (~> 4.5.4)

SPEC REPOS:
  https://github.com/CocoaPods/Specs.git:
    - Cordova
  trunk:
    - Socket.IO-Client-Swift
    - Starscream

EXTERNAL SOURCES:
  BandyerSDK:
    :git: https://github.com/Bandyer/Bandyer-iOS-SDK.git
    :tag: 1.1.1

CHECKOUT OPTIONS:
  BandyerSDK:
    :git: https://github.com/Bandyer/Bandyer-iOS-SDK.git
    :tag: 1.1.1

SPEC CHECKSUMS:
  BandyerSDK: c339420f79604a6d53da6e06824d544e360eaf67
  Cordova: 90a337977b8667a80483f559268c82062b1183da
  Socket.IO-Client-Swift: 21e6a8a23a7d367d5ddfab6cbbd3c679cf3c25d6
  Starscream: ef3ece99d765eeccb67de105bfa143f929026cf5

PODFILE CHECKSUM: 29558bc48672b6e77a2d88d5cb1d33a7f52635bc

COCOAPODS: 1.8.3
