// !$*UTF8*$!
{
	archiveVersion = 1;
	classes = {
	};
	objectVersion = 51;
	objects = {

/* Begin PBXBuildFile section */
		2B5DAB0C22E0D6F600B74385 /* BCPBandyerEvents.m in Sources */ = {isa = PBXBuildFile; fileRef = 2B5DAB0A22E0D6F600B74385 /* BCPBandyerEvents.m */; };
		2B5DAB0F22E0D7A300B74385 /* BCPBandyerEvents.h in Headers */ = {isa = PBXBuildFile; fileRef = 2B5DAB0E22E0D7A300B74385 /* BCPBandyerEvents.h */; };
		62DD203E23F3C06B1EC5C437 /* BCPContactHandleProviderTest.m in Sources */ = {isa = PBXBuildFile; fileRef = 62DD284722714D1F540F0465 /* BCPContactHandleProviderTest.m */; };
		62DD20D389076C857563F44E /* BCPUsersDetailsCacheTest.m in Sources */ = {isa = PBXBuildFile; fileRef = 62DD2F5AD47AFE43B8D62855 /* BCPUsersDetailsCacheTest.m */; };
		62DD2129664E291E61B0AEA7 /* BCPCallClientEventsReporter.m in Sources */ = {isa = PBXBuildFile; fileRef = 62DD2C735BB20E829240AD03 /* BCPCallClientEventsReporter.m */; };
		62DD21AED13B008FFE8168E4 /* BCPEventEmitter.m in Sources */ = {isa = PBXBuildFile; fileRef = 62DD254E1A893686F05F7B39 /* BCPEventEmitter.m */; };
		62DD21B40C7CEF2DD3C36075 /* BCPUsersDetailsCommandsHandler.m in Sources */ = {isa = PBXBuildFile; fileRef = 62DD2E6521CFEDA20CDCC228 /* BCPUsersDetailsCommandsHandler.m */; };
		62DD21C3D84A3F239AAB860A /* BCPUsersDetailsFetcherTest.m in Sources */ = {isa = PBXBuildFile; fileRef = 62DD252E039DBA0D66098FE5 /* BCPUsersDetailsFetcherTest.m */; };
		62DD22684885C23D5E8D3D35 /* BCPPushTokenEventsReporterTest.m in Sources */ = {isa = PBXBuildFile; fileRef = 62DD2E0F3B9584138DB1736B /* BCPPushTokenEventsReporterTest.m */; };
		62DD22E676D319B052FCCC01 /* BCPUserInterfaceCoordinator.m in Sources */ = {isa = PBXBuildFile; fileRef = 62DD27B4E8CF0FDDF97431E2 /* BCPUserInterfaceCoordinator.m */; };
		62DD24222E088EA32FC680BD /* BCPiOS10AndAboveTestCase.m in Sources */ = {isa = PBXBuildFile; fileRef = 62DD28CF5C7A83E068945B78 /* BCPiOS10AndAboveTestCase.m */; };
		62DD242E6F64996EADF3ED85 /* BCPMacros.h in Headers */ = {isa = PBXBuildFile; fileRef = 62DD292F2E84BBB223F69722 /* BCPMacros.h */; };
		62DD2457AD52EF785B5D39B4 /* BCPConstants.m in Sources */ = {isa = PBXBuildFile; fileRef = 62DD273388333E7A2F1E3D35 /* BCPConstants.m */; };
		62DD24BCB6CDE455B2B4C46B /* BCPUsersDetailsCommandsHandlerTest.m in Sources */ = {isa = PBXBuildFile; fileRef = 62DD2487908CF08CB5978ECF /* BCPUsersDetailsCommandsHandlerTest.m */; };
		62DD24CE5B1562CD91D9E53C /* BCPUserInterfaceCoordinator.h in Headers */ = {isa = PBXBuildFile; fileRef = 62DD2F940E1A6540D7789079 /* BCPUserInterfaceCoordinator.h */; };
		62DD24E101E36D9E3F0C580E /* BCPUsersDetailsFetcher.h in Headers */ = {isa = PBXBuildFile; fileRef = 62DD2B1AF7FCF25714DF28B7 /* BCPUsersDetailsFetcher.h */; };
		62DD25978FC25DC3611C49A3 /* BCPCallClientEventEmitter.m in Sources */ = {isa = PBXBuildFile; fileRef = 62DD29153AAB078000CB41BF /* BCPCallClientEventEmitter.m */; };
		62DD27210A8A198E722D54B4 /* BCPPushTokenEventsReporter.h in Headers */ = {isa = PBXBuildFile; fileRef = 62DD24CFA048F6A5B91B1747 /* BCPPushTokenEventsReporter.h */; };
		62DD27E1476C3D61CA620754 /* BCPPushTokenEventsReporter.m in Sources */ = {isa = PBXBuildFile; fileRef = 62DD2C8175B2E843618D0964 /* BCPPushTokenEventsReporter.m */; };
		62DD2870C88E18AE2436C9E2 /* BCPUserInterfaceCoordinatorTest.m in Sources */ = {isa = PBXBuildFile; fileRef = 62DD29FD71E4348F6E3E0E66 /* BCPUserInterfaceCoordinatorTest.m */; };
		62DD28807B92994E6C54B808 /* BCPContactHandleProvider.h in Headers */ = {isa = PBXBuildFile; fileRef = 62DD2187F7C0A801A8F42235 /* BCPContactHandleProvider.h */; };
		62DD288A7B15BE111D919917 /* CDVPluginResult_FactoryMethodsCategoryTest.m in Sources */ = {isa = PBXBuildFile; fileRef = 62DD2A63233E1A64942C66BB /* CDVPluginResult_FactoryMethodsCategoryTest.m */; };
		62DD28D1B1F0F6CA18834F79 /* BCPUsersDetailsFetcher.m in Sources */ = {isa = PBXBuildFile; fileRef = 62DD2EF21BA2DFA33571929F /* BCPUsersDetailsFetcher.m */; };
		62DD2976BE2960EDAB26C923 /* BCPCallClientEventsReporter.h in Headers */ = {isa = PBXBuildFile; fileRef = 62DD241566ADBEB1B83A4AF5 /* BCPCallClientEventsReporter.h */; };
		62DD2A378A4F5CEC55E09A25 /* BCPTestCase.m in Sources */ = {isa = PBXBuildFile; fileRef = 62DD2891377D66882D659199 /* BCPTestCase.m */; };
		62DD2AC59F81E0BD0A7DF530 /* BCPExceptionsMatcher.m in Sources */ = {isa = PBXBuildFile; fileRef = 62DD28CA9407F3CF249DCABA /* BCPExceptionsMatcher.m */; };
		62DD2ADBBAA4F026E63D321E /* BCPEventEmitter.h in Headers */ = {isa = PBXBuildFile; fileRef = 62DD23F6ADF01D5FA0734E50 /* BCPEventEmitter.h */; };
		62DD2B06E702657AC1B39B50 /* CDVPluginResult+BCPFactoryMethods.m in Sources */ = {isa = PBXBuildFile; fileRef = 62DD231BA88F3423447D9A10 /* CDVPluginResult+BCPFactoryMethods.m */; };
		62DD2B7CAE5723EF26B4E6D2 /* BCPEventEmitterTest.m in Sources */ = {isa = PBXBuildFile; fileRef = 62DD24582E66E0A2204D4758 /* BCPEventEmitterTest.m */; };
		62DD2B9EE21C5CF45EB675EC /* BCPCallClientEventsReporterTest.m in Sources */ = {isa = PBXBuildFile; fileRef = 62DD2205EBC8D1CE61719974 /* BCPCallClientEventsReporterTest.m */; };
		62DD2C222CB52C22E2269DC1 /* CDVPluginResult+BCPFactoryMethods.h in Headers */ = {isa = PBXBuildFile; fileRef = 62DD2F44280472572A3BA0A9 /* CDVPluginResult+BCPFactoryMethods.h */; };
		62DD2C318B08C3400A8749F8 /* BCPCallClientEventEmitter.h in Headers */ = {isa = PBXBuildFile; fileRef = 62DD2C83228FF9584157E6B6 /* BCPCallClientEventEmitter.h */; };
		62DD2D5BD6D9693E63470FB7 /* BCPContactHandleProvider.m in Sources */ = {isa = PBXBuildFile; fileRef = 62DD2DC8A9C4CCECC7F3C90E /* BCPContactHandleProvider.m */; };
		62DD2F0B813124EF6342C279 /* BCPUsersDetailsCommandsHandler.h in Headers */ = {isa = PBXBuildFile; fileRef = 62DD230BB0811499E852F9E2 /* BCPUsersDetailsCommandsHandler.h */; };
		8B3356EBB56A649B8A360CEB /* Pods_Bandyer_Cordova_PluginTests.framework in Frameworks */ = {isa = PBXBuildFile; fileRef = E26705AAB9FB6D90AC8CF14C /* Pods_Bandyer_Cordova_PluginTests.framework */; };
		A9637FFA234CC8C20050AAA7 /* Bandyer_Cordova_Plugin.framework in Frameworks */ = {isa = PBXBuildFile; fileRef = A9C31AF822C22D1100BC33D5 /* Bandyer_Cordova_Plugin.framework */; };
		A9C31B0F22C22DCF00BC33D5 /* BCPConstants.h in Headers */ = {isa = PBXBuildFile; fileRef = A9C31B0422C22DCF00BC33D5 /* BCPConstants.h */; };
		A9C31B1022C22DCF00BC33D5 /* BCPUsersDetailsCache.h in Headers */ = {isa = PBXBuildFile; fileRef = A9C31B0522C22DCF00BC33D5 /* BCPUsersDetailsCache.h */; };
		A9C31B1122C22DCF00BC33D5 /* BCPUsersDetailsCache.m in Sources */ = {isa = PBXBuildFile; fileRef = A9C31B0622C22DCF00BC33D5 /* BCPUsersDetailsCache.m */; };
		A9C31B1222C22DCF00BC33D5 /* BCPBandyerPlugin.h in Headers */ = {isa = PBXBuildFile; fileRef = A9C31B0722C22DCF00BC33D5 /* BCPBandyerPlugin.h */; };
		A9C31B1322C22DCF00BC33D5 /* BCPBandyerPlugin.m in Sources */ = {isa = PBXBuildFile; fileRef = A9C31B0822C22DCF00BC33D5 /* BCPBandyerPlugin.m */; };
		A9C31B1522C22DCF00BC33D5 /* NSString+BandyerPlugin.m in Sources */ = {isa = PBXBuildFile; fileRef = A9C31B0A22C22DCF00BC33D5 /* NSString+BandyerPlugin.m */; };
		A9C31B1722C22DCF00BC33D5 /* NSString+BandyerPlugin.h in Headers */ = {isa = PBXBuildFile; fileRef = A9C31B0D22C22DCF00BC33D5 /* NSString+BandyerPlugin.h */; };
		C05E42F3BBA02E130BA1C106 /* Pods_Bandyer_Cordova_Plugin.framework in Frameworks */ = {isa = PBXBuildFile; fileRef = C8422BE86AF6E2A10F50E329 /* Pods_Bandyer_Cordova_Plugin.framework */; };
/* End PBXBuildFile section */

/* Begin PBXContainerItemProxy section */
		A9637FFB234CC8C20050AAA7 /* PBXContainerItemProxy */ = {
			isa = PBXContainerItemProxy;
			containerPortal = A9C31AEF22C22D1100BC33D5 /* Project object */;
			proxyType = 1;
			remoteGlobalIDString = A9C31AF722C22D1100BC33D5;
			remoteInfo = "Bandyer-Cordova-Plugin";
		};
/* End PBXContainerItemProxy section */

/* Begin PBXFileReference section */
		272A7C77D9CD9661CFD85124 /* Pods-Bandyer-Cordova-Plugin.release.xcconfig */ = {isa = PBXFileReference; includeInIndex = 1; lastKnownFileType = text.xcconfig; name = "Pods-Bandyer-Cordova-Plugin.release.xcconfig"; path = "Target Support Files/Pods-Bandyer-Cordova-Plugin/Pods-Bandyer-Cordova-Plugin.release.xcconfig"; sourceTree = "<group>"; };
		2B5DAB0A22E0D6F600B74385 /* BCPBandyerEvents.m */ = {isa = PBXFileReference; fileEncoding = 4; lastKnownFileType = sourcecode.c.objc; name = BCPBandyerEvents.m; path = src/ios/BCPBandyerEvents.m; sourceTree = "<group>"; };
		2B5DAB0E22E0D7A300B74385 /* BCPBandyerEvents.h */ = {isa = PBXFileReference; fileEncoding = 4; lastKnownFileType = sourcecode.c.h; name = BCPBandyerEvents.h; path = src/ios/BCPBandyerEvents.h; sourceTree = "<group>"; };
		31F908A59C0FBEFC6C0C7498 /* Pods-Bandyer-Cordova-Plugin.debug.xcconfig */ = {isa = PBXFileReference; includeInIndex = 1; lastKnownFileType = text.xcconfig; name = "Pods-Bandyer-Cordova-Plugin.debug.xcconfig"; path = "Target Support Files/Pods-Bandyer-Cordova-Plugin/Pods-Bandyer-Cordova-Plugin.debug.xcconfig"; sourceTree = "<group>"; };
		418C2E4A4923F723B519118A /* Pods-Bandyer-Cordova-PluginTests.release.xcconfig */ = {isa = PBXFileReference; includeInIndex = 1; lastKnownFileType = text.xcconfig; name = "Pods-Bandyer-Cordova-PluginTests.release.xcconfig"; path = "Target Support Files/Pods-Bandyer-Cordova-PluginTests/Pods-Bandyer-Cordova-PluginTests.release.xcconfig"; sourceTree = "<group>"; };
		62DD20D16A98D8FE5499A6C4 /* BCPTestingMacros.h */ = {isa = PBXFileReference; fileEncoding = 4; lastKnownFileType = sourcecode.c.h; name = BCPTestingMacros.h; path = "test/ios/Unit Tests/BCPTestingMacros.h"; sourceTree = "<group>"; };
		62DD2187F7C0A801A8F42235 /* BCPContactHandleProvider.h */ = {isa = PBXFileReference; fileEncoding = 4; lastKnownFileType = sourcecode.c.h; name = BCPContactHandleProvider.h; path = src/ios/BCPContactHandleProvider.h; sourceTree = "<group>"; };
		62DD2205EBC8D1CE61719974 /* BCPCallClientEventsReporterTest.m */ = {isa = PBXFileReference; fileEncoding = 4; lastKnownFileType = sourcecode.c.objc; name = BCPCallClientEventsReporterTest.m; path = "test/ios/Unit Tests/BCPCallClientEventsReporterTest.m"; sourceTree = "<group>"; };
		62DD230BB0811499E852F9E2 /* BCPUsersDetailsCommandsHandler.h */ = {isa = PBXFileReference; fileEncoding = 4; lastKnownFileType = sourcecode.c.h; name = BCPUsersDetailsCommandsHandler.h; path = src/ios/BCPUsersDetailsCommandsHandler.h; sourceTree = "<group>"; };
		62DD231BA88F3423447D9A10 /* CDVPluginResult+BCPFactoryMethods.m */ = {isa = PBXFileReference; fileEncoding = 4; lastKnownFileType = sourcecode.c.objc; name = "CDVPluginResult+BCPFactoryMethods.m"; path = "src/ios/CDVPluginResult+BCPFactoryMethods.m"; sourceTree = "<group>"; };
		62DD23F6ADF01D5FA0734E50 /* BCPEventEmitter.h */ = {isa = PBXFileReference; fileEncoding = 4; lastKnownFileType = sourcecode.c.h; name = BCPEventEmitter.h; path = src/ios/BCPEventEmitter.h; sourceTree = "<group>"; };
		62DD241566ADBEB1B83A4AF5 /* BCPCallClientEventsReporter.h */ = {isa = PBXFileReference; fileEncoding = 4; lastKnownFileType = sourcecode.c.h; name = BCPCallClientEventsReporter.h; path = src/ios/BCPCallClientEventsReporter.h; sourceTree = "<group>"; };
		62DD24582E66E0A2204D4758 /* BCPEventEmitterTest.m */ = {isa = PBXFileReference; fileEncoding = 4; lastKnownFileType = sourcecode.c.objc; name = BCPEventEmitterTest.m; path = "test/ios/Unit Tests/BCPEventEmitterTest.m"; sourceTree = "<group>"; };
		62DD2487908CF08CB5978ECF /* BCPUsersDetailsCommandsHandlerTest.m */ = {isa = PBXFileReference; fileEncoding = 4; lastKnownFileType = sourcecode.c.objc; name = BCPUsersDetailsCommandsHandlerTest.m; path = "test/ios/Unit Tests/BCPUsersDetailsCommandsHandlerTest.m"; sourceTree = "<group>"; };
		62DD24CFA048F6A5B91B1747 /* BCPPushTokenEventsReporter.h */ = {isa = PBXFileReference; fileEncoding = 4; lastKnownFileType = sourcecode.c.h; name = BCPPushTokenEventsReporter.h; path = src/ios/BCPPushTokenEventsReporter.h; sourceTree = "<group>"; };
		62DD252E039DBA0D66098FE5 /* BCPUsersDetailsFetcherTest.m */ = {isa = PBXFileReference; fileEncoding = 4; lastKnownFileType = sourcecode.c.objc; name = BCPUsersDetailsFetcherTest.m; path = "test/ios/Unit Tests/BCPUsersDetailsFetcherTest.m"; sourceTree = "<group>"; };
		62DD254E1A893686F05F7B39 /* BCPEventEmitter.m */ = {isa = PBXFileReference; fileEncoding = 4; lastKnownFileType = sourcecode.c.objc; name = BCPEventEmitter.m; path = src/ios/BCPEventEmitter.m; sourceTree = "<group>"; };
		62DD265AE93EA319DD7F40E8 /* plugin.xml */ = {isa = PBXFileReference; fileEncoding = 4; lastKnownFileType = text.xml; path = plugin.xml; sourceTree = "<group>"; };
		62DD273388333E7A2F1E3D35 /* BCPConstants.m */ = {isa = PBXFileReference; fileEncoding = 4; lastKnownFileType = sourcecode.c.objc; name = BCPConstants.m; path = src/ios/BCPConstants.m; sourceTree = "<group>"; };
		62DD27B4E8CF0FDDF97431E2 /* BCPUserInterfaceCoordinator.m */ = {isa = PBXFileReference; fileEncoding = 4; lastKnownFileType = sourcecode.c.objc; name = BCPUserInterfaceCoordinator.m; path = src/ios/BCPUserInterfaceCoordinator.m; sourceTree = "<group>"; };
		62DD27F8BCE674D21DEF0D9E /* BCPTestCase.h */ = {isa = PBXFileReference; fileEncoding = 4; lastKnownFileType = sourcecode.c.h; name = BCPTestCase.h; path = "test/ios/Unit Tests/BCPTestCase.h"; sourceTree = "<group>"; };
		62DD284722714D1F540F0465 /* BCPContactHandleProviderTest.m */ = {isa = PBXFileReference; fileEncoding = 4; lastKnownFileType = sourcecode.c.objc; name = BCPContactHandleProviderTest.m; path = "test/ios/Unit Tests/BCPContactHandleProviderTest.m"; sourceTree = "<group>"; };
		62DD28798686AF0A7B43624C /* BCPiOS10AndAboveTestCase.h */ = {isa = PBXFileReference; fileEncoding = 4; lastKnownFileType = sourcecode.c.h; name = BCPiOS10AndAboveTestCase.h; path = "test/ios/Unit Tests/BCPiOS10AndAboveTestCase.h"; sourceTree = "<group>"; };
		62DD2891377D66882D659199 /* BCPTestCase.m */ = {isa = PBXFileReference; fileEncoding = 4; lastKnownFileType = sourcecode.c.objc; name = BCPTestCase.m; path = "test/ios/Unit Tests/BCPTestCase.m"; sourceTree = "<group>"; };
		62DD28CA9407F3CF249DCABA /* BCPExceptionsMatcher.m */ = {isa = PBXFileReference; fileEncoding = 4; lastKnownFileType = sourcecode.c.objc; name = BCPExceptionsMatcher.m; path = "test/ios/Unit Tests/BCPExceptionsMatcher.m"; sourceTree = "<group>"; };
		62DD28CF5C7A83E068945B78 /* BCPiOS10AndAboveTestCase.m */ = {isa = PBXFileReference; fileEncoding = 4; lastKnownFileType = sourcecode.c.objc; name = BCPiOS10AndAboveTestCase.m; path = "test/ios/Unit Tests/BCPiOS10AndAboveTestCase.m"; sourceTree = "<group>"; };
		62DD29153AAB078000CB41BF /* BCPCallClientEventEmitter.m */ = {isa = PBXFileReference; fileEncoding = 4; lastKnownFileType = sourcecode.c.objc; name = BCPCallClientEventEmitter.m; path = src/ios/BCPCallClientEventEmitter.m; sourceTree = "<group>"; };
		62DD292F2E84BBB223F69722 /* BCPMacros.h */ = {isa = PBXFileReference; fileEncoding = 4; lastKnownFileType = sourcecode.c.h; name = BCPMacros.h; path = src/ios/BCPMacros.h; sourceTree = "<group>"; };
		62DD29FD71E4348F6E3E0E66 /* BCPUserInterfaceCoordinatorTest.m */ = {isa = PBXFileReference; fileEncoding = 4; lastKnownFileType = sourcecode.c.objc; name = BCPUserInterfaceCoordinatorTest.m; path = "test/ios/Unit Tests/BCPUserInterfaceCoordinatorTest.m"; sourceTree = "<group>"; };
		62DD2A63233E1A64942C66BB /* CDVPluginResult_FactoryMethodsCategoryTest.m */ = {isa = PBXFileReference; fileEncoding = 4; lastKnownFileType = sourcecode.c.objc; name = CDVPluginResult_FactoryMethodsCategoryTest.m; path = "test/ios/Unit Tests/CDVPluginResult_FactoryMethodsCategoryTest.m"; sourceTree = "<group>"; };
		62DD2B00C102037A66ABD40D /* package.json */ = {isa = PBXFileReference; fileEncoding = 4; lastKnownFileType = text.json; path = package.json; sourceTree = "<group>"; };
		62DD2B1AF7FCF25714DF28B7 /* BCPUsersDetailsFetcher.h */ = {isa = PBXFileReference; fileEncoding = 4; lastKnownFileType = sourcecode.c.h; name = BCPUsersDetailsFetcher.h; path = src/ios/BCPUsersDetailsFetcher.h; sourceTree = "<group>"; };
		62DD2C735BB20E829240AD03 /* BCPCallClientEventsReporter.m */ = {isa = PBXFileReference; fileEncoding = 4; lastKnownFileType = sourcecode.c.objc; name = BCPCallClientEventsReporter.m; path = src/ios/BCPCallClientEventsReporter.m; sourceTree = "<group>"; };
		62DD2C8175B2E843618D0964 /* BCPPushTokenEventsReporter.m */ = {isa = PBXFileReference; fileEncoding = 4; lastKnownFileType = sourcecode.c.objc; name = BCPPushTokenEventsReporter.m; path = src/ios/BCPPushTokenEventsReporter.m; sourceTree = "<group>"; };
		62DD2C83228FF9584157E6B6 /* BCPCallClientEventEmitter.h */ = {isa = PBXFileReference; fileEncoding = 4; lastKnownFileType = sourcecode.c.h; name = BCPCallClientEventEmitter.h; path = src/ios/BCPCallClientEventEmitter.h; sourceTree = "<group>"; };
		62DD2DC8A9C4CCECC7F3C90E /* BCPContactHandleProvider.m */ = {isa = PBXFileReference; fileEncoding = 4; lastKnownFileType = sourcecode.c.objc; name = BCPContactHandleProvider.m; path = src/ios/BCPContactHandleProvider.m; sourceTree = "<group>"; };
		62DD2E0F3B9584138DB1736B /* BCPPushTokenEventsReporterTest.m */ = {isa = PBXFileReference; fileEncoding = 4; lastKnownFileType = sourcecode.c.objc; name = BCPPushTokenEventsReporterTest.m; path = "test/ios/Unit Tests/BCPPushTokenEventsReporterTest.m"; sourceTree = "<group>"; };
		62DD2E6521CFEDA20CDCC228 /* BCPUsersDetailsCommandsHandler.m */ = {isa = PBXFileReference; fileEncoding = 4; lastKnownFileType = sourcecode.c.objc; name = BCPUsersDetailsCommandsHandler.m; path = src/ios/BCPUsersDetailsCommandsHandler.m; sourceTree = "<group>"; };
		62DD2EE109CC731552C720D1 /* BCPExceptionsMatcher.h */ = {isa = PBXFileReference; fileEncoding = 4; lastKnownFileType = sourcecode.c.h; name = BCPExceptionsMatcher.h; path = "test/ios/Unit Tests/BCPExceptionsMatcher.h"; sourceTree = "<group>"; };
		62DD2EF21BA2DFA33571929F /* BCPUsersDetailsFetcher.m */ = {isa = PBXFileReference; fileEncoding = 4; lastKnownFileType = sourcecode.c.objc; name = BCPUsersDetailsFetcher.m; path = src/ios/BCPUsersDetailsFetcher.m; sourceTree = "<group>"; };
		62DD2F44280472572A3BA0A9 /* CDVPluginResult+BCPFactoryMethods.h */ = {isa = PBXFileReference; fileEncoding = 4; lastKnownFileType = sourcecode.c.h; name = "CDVPluginResult+BCPFactoryMethods.h"; path = "src/ios/CDVPluginResult+BCPFactoryMethods.h"; sourceTree = "<group>"; };
		62DD2F5AD47AFE43B8D62855 /* BCPUsersDetailsCacheTest.m */ = {isa = PBXFileReference; fileEncoding = 4; lastKnownFileType = sourcecode.c.objc; name = BCPUsersDetailsCacheTest.m; path = "test/ios/Unit Tests/BCPUsersDetailsCacheTest.m"; sourceTree = "<group>"; };
		62DD2F940E1A6540D7789079 /* BCPUserInterfaceCoordinator.h */ = {isa = PBXFileReference; fileEncoding = 4; lastKnownFileType = sourcecode.c.h; name = BCPUserInterfaceCoordinator.h; path = src/ios/BCPUserInterfaceCoordinator.h; sourceTree = "<group>"; };
		92EF0F845638CEA147B69895 /* Pods-Bandyer-Cordova-PluginTests.debug.xcconfig */ = {isa = PBXFileReference; includeInIndex = 1; lastKnownFileType = text.xcconfig; name = "Pods-Bandyer-Cordova-PluginTests.debug.xcconfig"; path = "Target Support Files/Pods-Bandyer-Cordova-PluginTests/Pods-Bandyer-Cordova-PluginTests.debug.xcconfig"; sourceTree = "<group>"; };
		A9637FF5234CC8C20050AAA7 /* Bandyer-Cordova-PluginTests.xctest */ = {isa = PBXFileReference; explicitFileType = wrapper.cfbundle; includeInIndex = 0; path = "Bandyer-Cordova-PluginTests.xctest"; sourceTree = BUILT_PRODUCTS_DIR; };
		A9938BE3234CDA5F0065048E /* Info.plist */ = {isa = PBXFileReference; lastKnownFileType = text.plist.xml; name = Info.plist; path = "test/ios/Unit Tests/Info.plist"; sourceTree = "<group>"; };
		A9C31AF822C22D1100BC33D5 /* Bandyer_Cordova_Plugin.framework */ = {isa = PBXFileReference; explicitFileType = wrapper.framework; includeInIndex = 0; path = Bandyer_Cordova_Plugin.framework; sourceTree = BUILT_PRODUCTS_DIR; };
		A9C31AFC22C22D1100BC33D5 /* Info.plist */ = {isa = PBXFileReference; lastKnownFileType = text.plist.xml; path = Info.plist; sourceTree = "<group>"; };
		A9C31B0422C22DCF00BC33D5 /* BCPConstants.h */ = {isa = PBXFileReference; fileEncoding = 4; lastKnownFileType = sourcecode.c.h; name = BCPConstants.h; path = src/ios/BCPConstants.h; sourceTree = "<group>"; };
		A9C31B0522C22DCF00BC33D5 /* BCPUsersDetailsCache.h */ = {isa = PBXFileReference; fileEncoding = 4; lastKnownFileType = sourcecode.c.h; name = BCPUsersDetailsCache.h; path = src/ios/BCPUsersDetailsCache.h; sourceTree = "<group>"; };
		A9C31B0622C22DCF00BC33D5 /* BCPUsersDetailsCache.m */ = {isa = PBXFileReference; fileEncoding = 4; lastKnownFileType = sourcecode.c.objc; name = BCPUsersDetailsCache.m; path = src/ios/BCPUsersDetailsCache.m; sourceTree = "<group>"; };
		A9C31B0722C22DCF00BC33D5 /* BCPBandyerPlugin.h */ = {isa = PBXFileReference; fileEncoding = 4; lastKnownFileType = sourcecode.c.h; name = BCPBandyerPlugin.h; path = src/ios/BCPBandyerPlugin.h; sourceTree = "<group>"; };
		A9C31B0822C22DCF00BC33D5 /* BCPBandyerPlugin.m */ = {isa = PBXFileReference; fileEncoding = 4; lastKnownFileType = sourcecode.c.objc; name = BCPBandyerPlugin.m; path = src/ios/BCPBandyerPlugin.m; sourceTree = "<group>"; };
		A9C31B0A22C22DCF00BC33D5 /* NSString+BandyerPlugin.m */ = {isa = PBXFileReference; fileEncoding = 4; lastKnownFileType = sourcecode.c.objc; name = "NSString+BandyerPlugin.m"; path = "src/ios/NSString+BandyerPlugin.m"; sourceTree = "<group>"; };
		A9C31B0D22C22DCF00BC33D5 /* NSString+BandyerPlugin.h */ = {isa = PBXFileReference; fileEncoding = 4; lastKnownFileType = sourcecode.c.h; name = "NSString+BandyerPlugin.h"; path = "src/ios/NSString+BandyerPlugin.h"; sourceTree = "<group>"; };
		C8422BE86AF6E2A10F50E329 /* Pods_Bandyer_Cordova_Plugin.framework */ = {isa = PBXFileReference; explicitFileType = wrapper.framework; includeInIndex = 0; path = Pods_Bandyer_Cordova_Plugin.framework; sourceTree = BUILT_PRODUCTS_DIR; };
		E26705AAB9FB6D90AC8CF14C /* Pods_Bandyer_Cordova_PluginTests.framework */ = {isa = PBXFileReference; explicitFileType = wrapper.framework; includeInIndex = 0; path = Pods_Bandyer_Cordova_PluginTests.framework; sourceTree = BUILT_PRODUCTS_DIR; };
/* End PBXFileReference section */

/* Begin PBXFrameworksBuildPhase section */
		A9637FF2234CC8C20050AAA7 /* Frameworks */ = {
			isa = PBXFrameworksBuildPhase;
			buildActionMask = 2147483647;
			files = (
				A9637FFA234CC8C20050AAA7 /* Bandyer_Cordova_Plugin.framework in Frameworks */,
				8B3356EBB56A649B8A360CEB /* Pods_Bandyer_Cordova_PluginTests.framework in Frameworks */,
			);
			runOnlyForDeploymentPostprocessing = 0;
		};
		A9C31AF522C22D1100BC33D5 /* Frameworks */ = {
			isa = PBXFrameworksBuildPhase;
			buildActionMask = 2147483647;
			files = (
				C05E42F3BBA02E130BA1C106 /* Pods_Bandyer_Cordova_Plugin.framework in Frameworks */,
			);
			runOnlyForDeploymentPostprocessing = 0;
		};
/* End PBXFrameworksBuildPhase section */

/* Begin PBXGroup section */
		23F87D898896910F1885862F /* Pods */ = {
			isa = PBXGroup;
			children = (
				31F908A59C0FBEFC6C0C7498 /* Pods-Bandyer-Cordova-Plugin.debug.xcconfig */,
				272A7C77D9CD9661CFD85124 /* Pods-Bandyer-Cordova-Plugin.release.xcconfig */,
				92EF0F845638CEA147B69895 /* Pods-Bandyer-Cordova-PluginTests.debug.xcconfig */,
				418C2E4A4923F723B519118A /* Pods-Bandyer-Cordova-PluginTests.release.xcconfig */,
			);
			path = Pods;
			sourceTree = "<group>";
		};
		62DD2611AEC250BFC5FD7619 /* Config */ = {
			isa = PBXGroup;
			children = (
				62DD2B00C102037A66ABD40D /* package.json */,
				62DD265AE93EA319DD7F40E8 /* plugin.xml */,
			);
			name = Config;
			sourceTree = "<group>";
		};
		62DD2A4E0D059B698191772F /* Command Handlers */ = {
			isa = PBXGroup;
			children = (
				62DD2E6521CFEDA20CDCC228 /* BCPUsersDetailsCommandsHandler.m */,
				62DD230BB0811499E852F9E2 /* BCPUsersDetailsCommandsHandler.h */,
			);
			name = "Command Handlers";
			sourceTree = "<group>";
		};
		A9638002234CCAE90050AAA7 /* Test */ = {
			isa = PBXGroup;
			children = (
				A9938BE3234CDA5F0065048E /* Info.plist */,
				62DD24582E66E0A2204D4758 /* BCPEventEmitterTest.m */,
				62DD20D16A98D8FE5499A6C4 /* BCPTestingMacros.h */,
				62DD2205EBC8D1CE61719974 /* BCPCallClientEventsReporterTest.m */,
				62DD2891377D66882D659199 /* BCPTestCase.m */,
				62DD27F8BCE674D21DEF0D9E /* BCPTestCase.h */,
				62DD2F5AD47AFE43B8D62855 /* BCPUsersDetailsCacheTest.m */,
				62DD252E039DBA0D66098FE5 /* BCPUsersDetailsFetcherTest.m */,
				62DD2A63233E1A64942C66BB /* CDVPluginResult_FactoryMethodsCategoryTest.m */,
				62DD284722714D1F540F0465 /* BCPContactHandleProviderTest.m */,
				62DD28CF5C7A83E068945B78 /* BCPiOS10AndAboveTestCase.m */,
				62DD28798686AF0A7B43624C /* BCPiOS10AndAboveTestCase.h */,
				62DD2487908CF08CB5978ECF /* BCPUsersDetailsCommandsHandlerTest.m */,
				62DD2EE109CC731552C720D1 /* BCPExceptionsMatcher.h */,
				62DD28CA9407F3CF249DCABA /* BCPExceptionsMatcher.m */,
				62DD29FD71E4348F6E3E0E66 /* BCPUserInterfaceCoordinatorTest.m */,
				62DD2E0F3B9584138DB1736B /* BCPPushTokenEventsReporterTest.m */,
			);
			name = Test;
			sourceTree = "<group>";
		};
		A9C31AEE22C22D1100BC33D5 = {
			isa = PBXGroup;
			children = (
				A9638002234CCAE90050AAA7 /* Test */,
				A9C31B1822C22DE900BC33D5 /* Source */,
				A9C31AFC22C22D1100BC33D5 /* Info.plist */,
				A9C31AF922C22D1100BC33D5 /* Products */,
				23F87D898896910F1885862F /* Pods */,
				D64815E97D96849B6E3D60F1 /* Frameworks */,
				62DD2611AEC250BFC5FD7619 /* Config */,
			);
			sourceTree = "<group>";
		};
		A9C31AF922C22D1100BC33D5 /* Products */ = {
			isa = PBXGroup;
			children = (
				A9C31AF822C22D1100BC33D5 /* Bandyer_Cordova_Plugin.framework */,
				A9637FF5234CC8C20050AAA7 /* Bandyer-Cordova-PluginTests.xctest */,
			);
			name = Products;
			sourceTree = "<group>";
		};
		A9C31B1822C22DE900BC33D5 /* Source */ = {
			isa = PBXGroup;
			children = (
				62DD292F2E84BBB223F69722 /* BCPMacros.h */,
				62DD254E1A893686F05F7B39 /* BCPEventEmitter.m */,
				62DD23F6ADF01D5FA0734E50 /* BCPEventEmitter.h */,
				2B5DAB0E22E0D7A300B74385 /* BCPBandyerEvents.h */,
				2B5DAB0A22E0D6F600B74385 /* BCPBandyerEvents.m */,
				A9C31B0722C22DCF00BC33D5 /* BCPBandyerPlugin.h */,
				A9C31B0822C22DCF00BC33D5 /* BCPBandyerPlugin.m */,
				62DD2C83228FF9584157E6B6 /* BCPCallClientEventEmitter.h */,
				62DD29153AAB078000CB41BF /* BCPCallClientEventEmitter.m */,
				A9C31B0422C22DCF00BC33D5 /* BCPConstants.h */,
				62DD273388333E7A2F1E3D35 /* BCPConstants.m */,
				A9C31B0522C22DCF00BC33D5 /* BCPUsersDetailsCache.h */,
				A9C31B0622C22DCF00BC33D5 /* BCPUsersDetailsCache.m */,
				A9C31B0D22C22DCF00BC33D5 /* NSString+BandyerPlugin.h */,
				A9C31B0A22C22DCF00BC33D5 /* NSString+BandyerPlugin.m */,
				62DD2C735BB20E829240AD03 /* BCPCallClientEventsReporter.m */,
				62DD241566ADBEB1B83A4AF5 /* BCPCallClientEventsReporter.h */,
				62DD2EF21BA2DFA33571929F /* BCPUsersDetailsFetcher.m */,
				62DD2B1AF7FCF25714DF28B7 /* BCPUsersDetailsFetcher.h */,
				62DD231BA88F3423447D9A10 /* CDVPluginResult+BCPFactoryMethods.m */,
				62DD2F44280472572A3BA0A9 /* CDVPluginResult+BCPFactoryMethods.h */,
				62DD2DC8A9C4CCECC7F3C90E /* BCPContactHandleProvider.m */,
				62DD2187F7C0A801A8F42235 /* BCPContactHandleProvider.h */,
				62DD2A4E0D059B698191772F /* Command Handlers */,
				62DD27B4E8CF0FDDF97431E2 /* BCPUserInterfaceCoordinator.m */,
				62DD2F940E1A6540D7789079 /* BCPUserInterfaceCoordinator.h */,
				62DD2C8175B2E843618D0964 /* BCPPushTokenEventsReporter.m */,
				62DD24CFA048F6A5B91B1747 /* BCPPushTokenEventsReporter.h */,
			);
			name = Source;
			sourceTree = "<group>";
		};
		D64815E97D96849B6E3D60F1 /* Frameworks */ = {
			isa = PBXGroup;
			children = (
				C8422BE86AF6E2A10F50E329 /* Pods_Bandyer_Cordova_Plugin.framework */,
				E26705AAB9FB6D90AC8CF14C /* Pods_Bandyer_Cordova_PluginTests.framework */,
			);
			name = Frameworks;
			sourceTree = "<group>";
		};
/* End PBXGroup section */

/* Begin PBXHeadersBuildPhase section */
		A9C31AF322C22D1100BC33D5 /* Headers */ = {
			isa = PBXHeadersBuildPhase;
			buildActionMask = 2147483647;
			files = (
				A9C31B0F22C22DCF00BC33D5 /* BCPConstants.h in Headers */,
				A9C31B1222C22DCF00BC33D5 /* BCPBandyerPlugin.h in Headers */,
				A9C31B1722C22DCF00BC33D5 /* NSString+BandyerPlugin.h in Headers */,
				A9C31B1022C22DCF00BC33D5 /* BCPUsersDetailsCache.h in Headers */,
				2B5DAB0F22E0D7A300B74385 /* BCPBandyerEvents.h in Headers */,
				62DD2C318B08C3400A8749F8 /* BCPCallClientEventEmitter.h in Headers */,
				62DD242E6F64996EADF3ED85 /* BCPMacros.h in Headers */,
				62DD2ADBBAA4F026E63D321E /* BCPEventEmitter.h in Headers */,
				62DD2976BE2960EDAB26C923 /* BCPCallClientEventsReporter.h in Headers */,
				62DD24E101E36D9E3F0C580E /* BCPUsersDetailsFetcher.h in Headers */,
				62DD2C222CB52C22E2269DC1 /* CDVPluginResult+BCPFactoryMethods.h in Headers */,
				62DD28807B92994E6C54B808 /* BCPContactHandleProvider.h in Headers */,
				62DD2F0B813124EF6342C279 /* BCPUsersDetailsCommandsHandler.h in Headers */,
				62DD24CE5B1562CD91D9E53C /* BCPUserInterfaceCoordinator.h in Headers */,
				62DD27210A8A198E722D54B4 /* BCPPushTokenEventsReporter.h in Headers */,
			);
			runOnlyForDeploymentPostprocessing = 0;
		};
/* End PBXHeadersBuildPhase section */

/* Begin PBXNativeTarget section */
		A9637FF4234CC8C20050AAA7 /* Bandyer-Cordova-PluginTests */ = {
			isa = PBXNativeTarget;
			buildConfigurationList = A9637FFF234CC8C20050AAA7 /* Build configuration list for PBXNativeTarget "Bandyer-Cordova-PluginTests" */;
			buildPhases = (
				6A47C3F582732B2EBCE68E7C /* [CP] Check Pods Manifest.lock */,
				A9637FF1234CC8C20050AAA7 /* Sources */,
				A9637FF2234CC8C20050AAA7 /* Frameworks */,
				A9637FF3234CC8C20050AAA7 /* Resources */,
				5A938A7220882B55189A8BEF /* [CP] Embed Pods Frameworks */,
			);
			buildRules = (
			);
			dependencies = (
				A9637FFC234CC8C20050AAA7 /* PBXTargetDependency */,
			);
			name = "Bandyer-Cordova-PluginTests";
			productName = "Bandyer-Cordova-PluginTests";
			productReference = A9637FF5234CC8C20050AAA7 /* Bandyer-Cordova-PluginTests.xctest */;
			productType = "com.apple.product-type.bundle.unit-test";
		};
		A9C31AF722C22D1100BC33D5 /* Bandyer-Cordova-Plugin */ = {
			isa = PBXNativeTarget;
			buildConfigurationList = A9C31B0022C22D1100BC33D5 /* Build configuration list for PBXNativeTarget "Bandyer-Cordova-Plugin" */;
			buildPhases = (
				EB58AD25E1190AC0C30A4F87 /* [CP] Check Pods Manifest.lock */,
				A9C31AF322C22D1100BC33D5 /* Headers */,
				A9C31AF422C22D1100BC33D5 /* Sources */,
				A9C31AF522C22D1100BC33D5 /* Frameworks */,
				A9C31AF622C22D1100BC33D5 /* Resources */,
			);
			buildRules = (
			);
			dependencies = (
			);
			name = "Bandyer-Cordova-Plugin";
			productName = "Bandyer-Cordova-Plugin";
			productReference = A9C31AF822C22D1100BC33D5 /* Bandyer_Cordova_Plugin.framework */;
			productType = "com.apple.product-type.framework";
		};
/* End PBXNativeTarget section */

/* Begin PBXProject section */
		A9C31AEF22C22D1100BC33D5 /* Project object */ = {
			isa = PBXProject;
			attributes = {
				CLASSPREFIX = BCP;
				LastUpgradeCheck = 1020;
				ORGANIZATIONNAME = "Bandyer S.r.l.";
				TargetAttributes = {
					A9637FF4234CC8C20050AAA7 = {
						CreatedOnToolsVersion = 11.1;
					};
					A9C31AF722C22D1100BC33D5 = {
						CreatedOnToolsVersion = 10.2.1;
					};
				};
			};
			buildConfigurationList = A9C31AF222C22D1100BC33D5 /* Build configuration list for PBXProject "Bandyer-Cordova-Plugin" */;
			compatibilityVersion = "Xcode 9.3";
			developmentRegion = en;
			hasScannedForEncodings = 0;
			knownRegions = (
				en,
			);
			mainGroup = A9C31AEE22C22D1100BC33D5;
			productRefGroup = A9C31AF922C22D1100BC33D5 /* Products */;
			projectDirPath = "";
			projectRoot = "";
			targets = (
				A9C31AF722C22D1100BC33D5 /* Bandyer-Cordova-Plugin */,
				A9637FF4234CC8C20050AAA7 /* Bandyer-Cordova-PluginTests */,
			);
		};
/* End PBXProject section */

/* Begin PBXResourcesBuildPhase section */
		A9637FF3234CC8C20050AAA7 /* Resources */ = {
			isa = PBXResourcesBuildPhase;
			buildActionMask = 2147483647;
			files = (
			);
			runOnlyForDeploymentPostprocessing = 0;
		};
		A9C31AF622C22D1100BC33D5 /* Resources */ = {
			isa = PBXResourcesBuildPhase;
			buildActionMask = 2147483647;
			files = (
			);
			runOnlyForDeploymentPostprocessing = 0;
		};
/* End PBXResourcesBuildPhase section */

/* Begin PBXShellScriptBuildPhase section */
		5A938A7220882B55189A8BEF /* [CP] Embed Pods Frameworks */ = {
			isa = PBXShellScriptBuildPhase;
			buildActionMask = 2147483647;
			files = (
			);
			inputFileListPaths = (
				"${PODS_ROOT}/Target Support Files/Pods-Bandyer-Cordova-PluginTests/Pods-Bandyer-Cordova-PluginTests-frameworks-${CONFIGURATION}-input-files.xcfilelist",
			);
			name = "[CP] Embed Pods Frameworks";
			outputFileListPaths = (
				"${PODS_ROOT}/Target Support Files/Pods-Bandyer-Cordova-PluginTests/Pods-Bandyer-Cordova-PluginTests-frameworks-${CONFIGURATION}-output-files.xcfilelist",
			);
			runOnlyForDeploymentPostprocessing = 0;
			shellPath = /bin/sh;
			shellScript = "\"${PODS_ROOT}/Target Support Files/Pods-Bandyer-Cordova-PluginTests/Pods-Bandyer-Cordova-PluginTests-frameworks.sh\"\n";
			showEnvVarsInLog = 0;
		};
		6A47C3F582732B2EBCE68E7C /* [CP] Check Pods Manifest.lock */ = {
			isa = PBXShellScriptBuildPhase;
			buildActionMask = 2147483647;
			files = (
			);
			inputFileListPaths = (
			);
			inputPaths = (
				"${PODS_PODFILE_DIR_PATH}/Podfile.lock",
				"${PODS_ROOT}/Manifest.lock",
			);
			name = "[CP] Check Pods Manifest.lock";
			outputFileListPaths = (
			);
			outputPaths = (
				"$(DERIVED_FILE_DIR)/Pods-Bandyer-Cordova-PluginTests-checkManifestLockResult.txt",
			);
			runOnlyForDeploymentPostprocessing = 0;
			shellPath = /bin/sh;
			shellScript = "diff \"${PODS_PODFILE_DIR_PATH}/Podfile.lock\" \"${PODS_ROOT}/Manifest.lock\" > /dev/null\nif [ $? != 0 ] ; then\n    # print error to STDERR\n    echo \"error: The sandbox is not in sync with the Podfile.lock. Run 'pod install' or update your CocoaPods installation.\" >&2\n    exit 1\nfi\n# This output is used by Xcode 'outputs' to avoid re-running this script phase.\necho \"SUCCESS\" > \"${SCRIPT_OUTPUT_FILE_0}\"\n";
			showEnvVarsInLog = 0;
		};
		EB58AD25E1190AC0C30A4F87 /* [CP] Check Pods Manifest.lock */ = {
			isa = PBXShellScriptBuildPhase;
			buildActionMask = 2147483647;
			files = (
			);
			inputFileListPaths = (
			);
			inputPaths = (
				"${PODS_PODFILE_DIR_PATH}/Podfile.lock",
				"${PODS_ROOT}/Manifest.lock",
			);
			name = "[CP] Check Pods Manifest.lock";
			outputFileListPaths = (
			);
			outputPaths = (
				"$(DERIVED_FILE_DIR)/Pods-Bandyer-Cordova-Plugin-checkManifestLockResult.txt",
			);
			runOnlyForDeploymentPostprocessing = 0;
			shellPath = /bin/sh;
			shellScript = "diff \"${PODS_PODFILE_DIR_PATH}/Podfile.lock\" \"${PODS_ROOT}/Manifest.lock\" > /dev/null\nif [ $? != 0 ] ; then\n    # print error to STDERR\n    echo \"error: The sandbox is not in sync with the Podfile.lock. Run 'pod install' or update your CocoaPods installation.\" >&2\n    exit 1\nfi\n# This output is used by Xcode 'outputs' to avoid re-running this script phase.\necho \"SUCCESS\" > \"${SCRIPT_OUTPUT_FILE_0}\"\n";
			showEnvVarsInLog = 0;
		};
/* End PBXShellScriptBuildPhase section */

/* Begin PBXSourcesBuildPhase section */
		A9637FF1234CC8C20050AAA7 /* Sources */ = {
			isa = PBXSourcesBuildPhase;
			buildActionMask = 2147483647;
			files = (
				62DD2B7CAE5723EF26B4E6D2 /* BCPEventEmitterTest.m in Sources */,
				62DD2B9EE21C5CF45EB675EC /* BCPCallClientEventsReporterTest.m in Sources */,
				62DD2A378A4F5CEC55E09A25 /* BCPTestCase.m in Sources */,
				62DD20D389076C857563F44E /* BCPUsersDetailsCacheTest.m in Sources */,
				62DD21C3D84A3F239AAB860A /* BCPUsersDetailsFetcherTest.m in Sources */,
				62DD288A7B15BE111D919917 /* CDVPluginResult_FactoryMethodsCategoryTest.m in Sources */,
				62DD203E23F3C06B1EC5C437 /* BCPContactHandleProviderTest.m in Sources */,
				62DD24222E088EA32FC680BD /* BCPiOS10AndAboveTestCase.m in Sources */,
				62DD24BCB6CDE455B2B4C46B /* BCPUsersDetailsCommandsHandlerTest.m in Sources */,
				62DD2AC59F81E0BD0A7DF530 /* BCPExceptionsMatcher.m in Sources */,
				62DD2870C88E18AE2436C9E2 /* BCPUserInterfaceCoordinatorTest.m in Sources */,
				62DD22684885C23D5E8D3D35 /* BCPPushTokenEventsReporterTest.m in Sources */,
			);
			runOnlyForDeploymentPostprocessing = 0;
		};
		A9C31AF422C22D1100BC33D5 /* Sources */ = {
			isa = PBXSourcesBuildPhase;
			buildActionMask = 2147483647;
			files = (
				A9C31B1122C22DCF00BC33D5 /* BCPUsersDetailsCache.m in Sources */,
				2B5DAB0C22E0D6F600B74385 /* BCPBandyerEvents.m in Sources */,
				A9C31B1522C22DCF00BC33D5 /* NSString+BandyerPlugin.m in Sources */,
				A9C31B1322C22DCF00BC33D5 /* BCPBandyerPlugin.m in Sources */,
				62DD2457AD52EF785B5D39B4 /* BCPConstants.m in Sources */,
				62DD25978FC25DC3611C49A3 /* BCPCallClientEventEmitter.m in Sources */,
				62DD21AED13B008FFE8168E4 /* BCPEventEmitter.m in Sources */,
				62DD2129664E291E61B0AEA7 /* BCPCallClientEventsReporter.m in Sources */,
				62DD28D1B1F0F6CA18834F79 /* BCPUsersDetailsFetcher.m in Sources */,
				62DD2B06E702657AC1B39B50 /* CDVPluginResult+BCPFactoryMethods.m in Sources */,
				62DD2D5BD6D9693E63470FB7 /* BCPContactHandleProvider.m in Sources */,
				62DD21B40C7CEF2DD3C36075 /* BCPUsersDetailsCommandsHandler.m in Sources */,
				62DD22E676D319B052FCCC01 /* BCPUserInterfaceCoordinator.m in Sources */,
				62DD27E1476C3D61CA620754 /* BCPPushTokenEventsReporter.m in Sources */,
			);
			runOnlyForDeploymentPostprocessing = 0;
		};
/* End PBXSourcesBuildPhase section */

/* Begin PBXTargetDependency section */
		A9637FFC234CC8C20050AAA7 /* PBXTargetDependency */ = {
			isa = PBXTargetDependency;
			target = A9C31AF722C22D1100BC33D5 /* Bandyer-Cordova-Plugin */;
			targetProxy = A9637FFB234CC8C20050AAA7 /* PBXContainerItemProxy */;
		};
/* End PBXTargetDependency section */

/* Begin XCBuildConfiguration section */
		A9637FFD234CC8C20050AAA7 /* Debug */ = {
			isa = XCBuildConfiguration;
			baseConfigurationReference = 92EF0F845638CEA147B69895 /* Pods-Bandyer-Cordova-PluginTests.debug.xcconfig */;
			buildSettings = {
				CODE_SIGN_STYLE = Automatic;
				FRAMEWORK_SEARCH_PATHS = (
					"$(inherited)",
					"\"${PODS_CONFIGURATION_BUILD_DIR}/OCHamcrest\"",
					"\"${PODS_CONFIGURATION_BUILD_DIR}/OCMockito\"",
				);
				HEADER_SEARCH_PATHS = (
					"$(inherited)",
					"\"${PODS_CONFIGURATION_BUILD_DIR}/OCHamcrest/OCHamcrest.framework/Headers\"",
					"\"${PODS_CONFIGURATION_BUILD_DIR}/OCMockito/OCMockito.framework/Headers\"",
				);
				INFOPLIST_FILE = "test/ios/Unit Tests/Info.plist";
				IPHONEOS_DEPLOYMENT_TARGET = 9.0;
				LD_RUNPATH_SEARCH_PATHS = "$(inherited)";
				PRODUCT_BUNDLE_IDENTIFIER = "it.bandyer.Bandyer-Cordova-PluginTests";
				PRODUCT_NAME = "$(TARGET_NAME)";
				TARGETED_DEVICE_FAMILY = "1,2";
			};
			name = Debug;
		};
		A9637FFE234CC8C20050AAA7 /* Release */ = {
			isa = XCBuildConfiguration;
			baseConfigurationReference = 418C2E4A4923F723B519118A /* Pods-Bandyer-Cordova-PluginTests.release.xcconfig */;
			buildSettings = {
				CODE_SIGN_STYLE = Automatic;
				FRAMEWORK_SEARCH_PATHS = (
					"$(inherited)",
					"\"${PODS_CONFIGURATION_BUILD_DIR}/OCHamcrest\"",
					"\"${PODS_CONFIGURATION_BUILD_DIR}/OCMockito\"",
				);
				HEADER_SEARCH_PATHS = (
					"$(inherited)",
					"\"${PODS_CONFIGURATION_BUILD_DIR}/OCHamcrest/OCHamcrest.framework/Headers\"",
					"\"${PODS_CONFIGURATION_BUILD_DIR}/OCMockito/OCMockito.framework/Headers\"",
				);
				INFOPLIST_FILE = "test/ios/Unit Tests/Info.plist";
				IPHONEOS_DEPLOYMENT_TARGET = 9.0;
				LD_RUNPATH_SEARCH_PATHS = "$(inherited)";
				PRODUCT_BUNDLE_IDENTIFIER = "it.bandyer.Bandyer-Cordova-PluginTests";
				PRODUCT_NAME = "$(TARGET_NAME)";
				TARGETED_DEVICE_FAMILY = "1,2";
			};
			name = Release;
		};
		A9C31AFE22C22D1100BC33D5 /* Debug */ = {
			isa = XCBuildConfiguration;
			buildSettings = {
				ALWAYS_SEARCH_USER_PATHS = NO;
				CLANG_ANALYZER_NONNULL = YES;
				CLANG_ANALYZER_NUMBER_OBJECT_CONVERSION = YES_AGGRESSIVE;
				CLANG_CXX_LANGUAGE_STANDARD = "gnu++14";
				CLANG_CXX_LIBRARY = "libc++";
				CLANG_ENABLE_MODULES = YES;
				CLANG_ENABLE_OBJC_ARC = YES;
				CLANG_ENABLE_OBJC_WEAK = YES;
				CLANG_WARN_BLOCK_CAPTURE_AUTORELEASING = YES;
				CLANG_WARN_BOOL_CONVERSION = YES;
				CLANG_WARN_COMMA = YES;
				CLANG_WARN_CONSTANT_CONVERSION = YES;
				CLANG_WARN_DEPRECATED_OBJC_IMPLEMENTATIONS = YES;
				CLANG_WARN_DIRECT_OBJC_ISA_USAGE = YES_ERROR;
				CLANG_WARN_DOCUMENTATION_COMMENTS = YES;
				CLANG_WARN_EMPTY_BODY = YES;
				CLANG_WARN_ENUM_CONVERSION = YES;
				CLANG_WARN_INFINITE_RECURSION = YES;
				CLANG_WARN_INT_CONVERSION = YES;
				CLANG_WARN_NON_LITERAL_NULL_CONVERSION = YES;
				CLANG_WARN_OBJC_IMPLICIT_RETAIN_SELF = YES;
				CLANG_WARN_OBJC_LITERAL_CONVERSION = YES;
				CLANG_WARN_OBJC_ROOT_CLASS = YES_ERROR;
				CLANG_WARN_RANGE_LOOP_ANALYSIS = YES;
				CLANG_WARN_STRICT_PROTOTYPES = YES;
				CLANG_WARN_SUSPICIOUS_MOVE = YES;
				CLANG_WARN_UNGUARDED_AVAILABILITY = YES_AGGRESSIVE;
				CLANG_WARN_UNREACHABLE_CODE = YES;
				CLANG_WARN__DUPLICATE_METHOD_MATCH = YES;
				CODE_SIGN_IDENTITY = "iPhone Developer";
				COPY_PHASE_STRIP = NO;
				CURRENT_PROJECT_VERSION = 1;
				DEBUG_INFORMATION_FORMAT = dwarf;
				ENABLE_STRICT_OBJC_MSGSEND = YES;
				ENABLE_TESTABILITY = YES;
				GCC_C_LANGUAGE_STANDARD = gnu11;
				GCC_DYNAMIC_NO_PIC = NO;
				GCC_NO_COMMON_BLOCKS = YES;
				GCC_OPTIMIZATION_LEVEL = 0;
				GCC_PREPROCESSOR_DEFINITIONS = (
					"DEBUG=1",
					"$(inherited)",
				);
				GCC_WARN_64_TO_32_BIT_CONVERSION = YES;
				GCC_WARN_ABOUT_RETURN_TYPE = YES_ERROR;
				GCC_WARN_UNDECLARED_SELECTOR = YES;
				GCC_WARN_UNINITIALIZED_AUTOS = YES_AGGRESSIVE;
				GCC_WARN_UNUSED_FUNCTION = YES;
				GCC_WARN_UNUSED_VARIABLE = YES;
				IPHONEOS_DEPLOYMENT_TARGET = 9.0;
				MTL_ENABLE_DEBUG_INFO = INCLUDE_SOURCE;
				MTL_FAST_MATH = YES;
				ONLY_ACTIVE_ARCH = YES;
				SDKROOT = iphoneos;
				VERSIONING_SYSTEM = "apple-generic";
				VERSION_INFO_PREFIX = "";
			};
			name = Debug;
		};
		A9C31AFF22C22D1100BC33D5 /* Release */ = {
			isa = XCBuildConfiguration;
			buildSettings = {
				ALWAYS_SEARCH_USER_PATHS = NO;
				CLANG_ANALYZER_NONNULL = YES;
				CLANG_ANALYZER_NUMBER_OBJECT_CONVERSION = YES_AGGRESSIVE;
				CLANG_CXX_LANGUAGE_STANDARD = "gnu++14";
				CLANG_CXX_LIBRARY = "libc++";
				CLANG_ENABLE_MODULES = YES;
				CLANG_ENABLE_OBJC_ARC = YES;
				CLANG_ENABLE_OBJC_WEAK = YES;
				CLANG_WARN_BLOCK_CAPTURE_AUTORELEASING = YES;
				CLANG_WARN_BOOL_CONVERSION = YES;
				CLANG_WARN_COMMA = YES;
				CLANG_WARN_CONSTANT_CONVERSION = YES;
				CLANG_WARN_DEPRECATED_OBJC_IMPLEMENTATIONS = YES;
				CLANG_WARN_DIRECT_OBJC_ISA_USAGE = YES_ERROR;
				CLANG_WARN_DOCUMENTATION_COMMENTS = YES;
				CLANG_WARN_EMPTY_BODY = YES;
				CLANG_WARN_ENUM_CONVERSION = YES;
				CLANG_WARN_INFINITE_RECURSION = YES;
				CLANG_WARN_INT_CONVERSION = YES;
				CLANG_WARN_NON_LITERAL_NULL_CONVERSION = YES;
				CLANG_WARN_OBJC_IMPLICIT_RETAIN_SELF = YES;
				CLANG_WARN_OBJC_LITERAL_CONVERSION = YES;
				CLANG_WARN_OBJC_ROOT_CLASS = YES_ERROR;
				CLANG_WARN_RANGE_LOOP_ANALYSIS = YES;
				CLANG_WARN_STRICT_PROTOTYPES = YES;
				CLANG_WARN_SUSPICIOUS_MOVE = YES;
				CLANG_WARN_UNGUARDED_AVAILABILITY = YES_AGGRESSIVE;
				CLANG_WARN_UNREACHABLE_CODE = YES;
				CLANG_WARN__DUPLICATE_METHOD_MATCH = YES;
				CODE_SIGN_IDENTITY = "iPhone Developer";
				COPY_PHASE_STRIP = NO;
				CURRENT_PROJECT_VERSION = 1;
				DEBUG_INFORMATION_FORMAT = "dwarf-with-dsym";
				ENABLE_NS_ASSERTIONS = NO;
				ENABLE_STRICT_OBJC_MSGSEND = YES;
				GCC_C_LANGUAGE_STANDARD = gnu11;
				GCC_NO_COMMON_BLOCKS = YES;
				GCC_WARN_64_TO_32_BIT_CONVERSION = YES;
				GCC_WARN_ABOUT_RETURN_TYPE = YES_ERROR;
				GCC_WARN_UNDECLARED_SELECTOR = YES;
				GCC_WARN_UNINITIALIZED_AUTOS = YES_AGGRESSIVE;
				GCC_WARN_UNUSED_FUNCTION = YES;
				GCC_WARN_UNUSED_VARIABLE = YES;
				IPHONEOS_DEPLOYMENT_TARGET = 9.0;
				MTL_ENABLE_DEBUG_INFO = NO;
				MTL_FAST_MATH = YES;
				SDKROOT = iphoneos;
				VALIDATE_PRODUCT = YES;
				VERSIONING_SYSTEM = "apple-generic";
				VERSION_INFO_PREFIX = "";
			};
			name = Release;
		};
		A9C31B0122C22D1100BC33D5 /* Debug */ = {
			isa = XCBuildConfiguration;
			baseConfigurationReference = 31F908A59C0FBEFC6C0C7498 /* Pods-Bandyer-Cordova-Plugin.debug.xcconfig */;
			buildSettings = {
				CODE_SIGN_IDENTITY = "";
				CODE_SIGN_STYLE = Automatic;
				DEFINES_MODULE = YES;
				DYLIB_COMPATIBILITY_VERSION = 1;
				DYLIB_CURRENT_VERSION = 1;
				DYLIB_INSTALL_NAME_BASE = "@rpath";
				ENABLE_BITCODE = NO;
				INFOPLIST_FILE = "$(SRCROOT)/Info.plist";
				INSTALL_PATH = "$(LOCAL_LIBRARY_DIR)/Frameworks";
				LD_RUNPATH_SEARCH_PATHS = "$(inherited)";
				OTHER_LDFLAGS = (
					"$(inherited)",
					"-l\"c++\"",
					"-framework",
					"\"AVFoundation\"",
					"-framework",
					"\"AssetsLibrary\"",
					"-framework",
					"\"BandyerSDK\"",
					"-framework",
					"\"Cordova\"",
					"-framework",
					"\"CoreGraphics\"",
					"-framework",
					"\"CoreImage\"",
					"-framework",
					"\"CoreLocation\"",
					"-framework",
					"\"CoreMedia\"",
					"-framework",
					"\"CoreServices\"",
					"-framework",
					"\"Foundation\"",
					"-framework",
					"\"MediaPlayer\"",
					"-framework",
					"\"MobileCoreServices\"",
					"-framework",
					"\"Photos\"",
					"-framework",
					"\"Security\"",
					"-framework",
					"\"Starscream\"",
					"-framework",
					"\"SystemConfiguration\"",
					"-framework",
					"\"TwilioChatClient\"",
					"-framework",
					"\"UIKit\"",
					"-framework",
					"\"WebKit\"",
					"-framework",
					"\"WebRTC\"",
					"-weak_framework",
					"\"CallKit\"",
					"-weak_framework",
					"\"Intents\"",
					"-weak_framework",
					"\"PushKit\"",
				);
				PRODUCT_BUNDLE_IDENTIFIER = "com.bandyer.Bandyer-Cordova-Plugin";
				PRODUCT_NAME = "$(TARGET_NAME:c99extidentifier)";
				SKIP_INSTALL = YES;
				TARGETED_DEVICE_FAMILY = "1,2";
			};
			name = Debug;
		};
		A9C31B0222C22D1100BC33D5 /* Release */ = {
			isa = XCBuildConfiguration;
			baseConfigurationReference = 272A7C77D9CD9661CFD85124 /* Pods-Bandyer-Cordova-Plugin.release.xcconfig */;
			buildSettings = {
				CODE_SIGN_IDENTITY = "";
				CODE_SIGN_STYLE = Automatic;
				DEFINES_MODULE = YES;
				DYLIB_COMPATIBILITY_VERSION = 1;
				DYLIB_CURRENT_VERSION = 1;
				DYLIB_INSTALL_NAME_BASE = "@rpath";
				ENABLE_BITCODE = NO;
				INFOPLIST_FILE = "$(SRCROOT)/Info.plist";
				INSTALL_PATH = "$(LOCAL_LIBRARY_DIR)/Frameworks";
				LD_RUNPATH_SEARCH_PATHS = "$(inherited)";
				OTHER_LDFLAGS = (
					"$(inherited)",
					"-l\"c++\"",
					"-framework",
					"\"AVFoundation\"",
					"-framework",
					"\"AssetsLibrary\"",
					"-framework",
					"\"BandyerSDK\"",
					"-framework",
					"\"Cordova\"",
					"-framework",
					"\"CoreGraphics\"",
					"-framework",
					"\"CoreImage\"",
					"-framework",
					"\"CoreLocation\"",
					"-framework",
					"\"CoreMedia\"",
					"-framework",
					"\"CoreServices\"",
					"-framework",
					"\"Foundation\"",
					"-framework",
					"\"MediaPlayer\"",
					"-framework",
					"\"MobileCoreServices\"",
					"-framework",
					"\"Photos\"",
					"-framework",
					"\"Security\"",
					"-framework",
					"\"Starscream\"",
					"-framework",
					"\"SystemConfiguration\"",
					"-framework",
					"\"TwilioChatClient\"",
					"-framework",
					"\"UIKit\"",
					"-framework",
					"\"WebKit\"",
					"-framework",
					"\"WebRTC\"",
					"-weak_framework",
					"\"CallKit\"",
					"-weak_framework",
					"\"Intents\"",
					"-weak_framework",
					"\"PushKit\"",
				);
				PRODUCT_BUNDLE_IDENTIFIER = "com.bandyer.Bandyer-Cordova-Plugin";
				PRODUCT_NAME = "$(TARGET_NAME:c99extidentifier)";
				SKIP_INSTALL = YES;
				TARGETED_DEVICE_FAMILY = "1,2";
			};
			name = Release;
		};
/* End XCBuildConfiguration section */

/* Begin XCConfigurationList section */
		A9637FFF234CC8C20050AAA7 /* Build configuration list for PBXNativeTarget "Bandyer-Cordova-PluginTests" */ = {
			isa = XCConfigurationList;
			buildConfigurations = (
				A9637FFD234CC8C20050AAA7 /* Debug */,
				A9637FFE234CC8C20050AAA7 /* Release */,
			);
			defaultConfigurationIsVisible = 0;
			defaultConfigurationName = Release;
		};
		A9C31AF222C22D1100BC33D5 /* Build configuration list for PBXProject "Bandyer-Cordova-Plugin" */ = {
			isa = XCConfigurationList;
			buildConfigurations = (
				A9C31AFE22C22D1100BC33D5 /* Debug */,
				A9C31AFF22C22D1100BC33D5 /* Release */,
			);
			defaultConfigurationIsVisible = 0;
			defaultConfigurationName = Release;
		};
		A9C31B0022C22D1100BC33D5 /* Build configuration list for PBXNativeTarget "Bandyer-Cordova-Plugin" */ = {
			isa = XCConfigurationList;
			buildConfigurations = (
				A9C31B0122C22D1100BC33D5 /* Debug */,
				A9C31B0222C22D1100BC33D5 /* Release */,
			);
			defaultConfigurationIsVisible = 0;
			defaultConfigurationName = Release;
		};
/* End XCConfigurationList section */
	};
	rootObject = A9C31AEF22C22D1100BC33D5 /* Project object */;
}
