// !$*UTF8*$!
{
	archiveVersion = 1;
	classes = {
	};
	objectVersion = 51;
	objects = {

/* Begin PBXBuildFile section */
		8B3356EBB56A649B8A360CEB /* Pods_Bandyer_Cordova_PluginTests.framework in Frameworks */ = {isa = PBXBuildFile; fileRef = E26705AAB9FB6D90AC8CF14C /* Pods_Bandyer_Cordova_PluginTests.framework */; };
		A91AADD32452E5AF007003AF /* BCPPushTokenEventsReporterTest.m in Sources */ = {isa = PBXBuildFile; fileRef = A91AADC22452E5AF007003AF /* BCPPushTokenEventsReporterTest.m */; };
		A91AADD42452E5AF007003AF /* BCPUserInterfaceCoordinatorTest.m in Sources */ = {isa = PBXBuildFile; fileRef = A91AADC32452E5AF007003AF /* BCPUserInterfaceCoordinatorTest.m */; };
		A91AADD52452E5AF007003AF /* BCPUsersDetailsFetcherTest.m in Sources */ = {isa = PBXBuildFile; fileRef = A91AADC42452E5AF007003AF /* BCPUsersDetailsFetcherTest.m */; };
		A91AADD62452E5AF007003AF /* BCPTestCase.m in Sources */ = {isa = PBXBuildFile; fileRef = A91AADC62452E5AF007003AF /* BCPTestCase.m */; };
		A91AADD72452E5AF007003AF /* BCPUsersDetailsCommandsHandlerTest.m in Sources */ = {isa = PBXBuildFile; fileRef = A91AADC72452E5AF007003AF /* BCPUsersDetailsCommandsHandlerTest.m */; };
		A91AADD82452E5AF007003AF /* BCPEventEmitterTest.m in Sources */ = {isa = PBXBuildFile; fileRef = A91AADC82452E5AF007003AF /* BCPEventEmitterTest.m */; };
		A91AADD92452E5AF007003AF /* BCPExceptionsMatcher.m in Sources */ = {isa = PBXBuildFile; fileRef = A91AADC92452E5AF007003AF /* BCPExceptionsMatcher.m */; };
		A91AADDA2452E5B0007003AF /* BCPUsersDetailsCacheTest.m in Sources */ = {isa = PBXBuildFile; fileRef = A91AADCA2452E5AF007003AF /* BCPUsersDetailsCacheTest.m */; };
		A91AADDB2452E5B0007003AF /* BCPContactHandleProviderTest.m in Sources */ = {isa = PBXBuildFile; fileRef = A91AADCB2452E5AF007003AF /* BCPContactHandleProviderTest.m */; };
		A91AADDC2452E5B0007003AF /* BCPiOS10AndAboveTestCase.m in Sources */ = {isa = PBXBuildFile; fileRef = A91AADCC2452E5AF007003AF /* BCPiOS10AndAboveTestCase.m */; };
		A91AADDD2452E5B0007003AF /* BCPChatClientEventsReporterTest.m in Sources */ = {isa = PBXBuildFile; fileRef = A91AADCE2452E5AF007003AF /* BCPChatClientEventsReporterTest.m */; };
		A91AADDE2452E5B0007003AF /* BCPCallClientEventsReporterTest.m in Sources */ = {isa = PBXBuildFile; fileRef = A91AADD02452E5AF007003AF /* BCPCallClientEventsReporterTest.m */; };
		A91AADDF2452E5B0007003AF /* CDVPluginResult_FactoryMethodsCategoryTest.m in Sources */ = {isa = PBXBuildFile; fileRef = A91AADD12452E5AF007003AF /* CDVPluginResult_FactoryMethodsCategoryTest.m */; };
		A91AADFE2452E639007003AF /* BCPChatClientEventsReporter.h in Headers */ = {isa = PBXBuildFile; fileRef = A91AADE12452E638007003AF /* BCPChatClientEventsReporter.h */; };
		A91AADFF2452E639007003AF /* BCPContactHandleProvider.m in Sources */ = {isa = PBXBuildFile; fileRef = A91AADE22452E638007003AF /* BCPContactHandleProvider.m */; };
		A91AAE002452E639007003AF /* CDVPluginResult+BCPFactoryMethods.h in Headers */ = {isa = PBXBuildFile; fileRef = A91AADE32452E638007003AF /* CDVPluginResult+BCPFactoryMethods.h */; };
		A91AAE012452E639007003AF /* BCPBandyerEvents.h in Headers */ = {isa = PBXBuildFile; fileRef = A91AADE42452E638007003AF /* BCPBandyerEvents.h */; };
		A91AAE022452E639007003AF /* BCPCallClientEventsReporter.m in Sources */ = {isa = PBXBuildFile; fileRef = A91AADE52452E638007003AF /* BCPCallClientEventsReporter.m */; };
		A91AAE032452E639007003AF /* NSString+BandyerPlugin.m in Sources */ = {isa = PBXBuildFile; fileRef = A91AADE62452E638007003AF /* NSString+BandyerPlugin.m */; };
		A91AAE042452E639007003AF /* BCPUserInterfaceCoordinator.h in Headers */ = {isa = PBXBuildFile; fileRef = A91AADE72452E638007003AF /* BCPUserInterfaceCoordinator.h */; };
		A91AAE052452E639007003AF /* BCPConstants.m in Sources */ = {isa = PBXBuildFile; fileRef = A91AADE82452E638007003AF /* BCPConstants.m */; };
		A91AAE062452E639007003AF /* CDVPluginResult+BCPFactoryMethods.m in Sources */ = {isa = PBXBuildFile; fileRef = A91AADE92452E638007003AF /* CDVPluginResult+BCPFactoryMethods.m */; };
		A91AAE072452E639007003AF /* BCPUserInterfaceCoordinator.m in Sources */ = {isa = PBXBuildFile; fileRef = A91AADEA2452E638007003AF /* BCPUserInterfaceCoordinator.m */; };
		A91AAE082452E639007003AF /* BCPUsersDetailsCommandsHandler.h in Headers */ = {isa = PBXBuildFile; fileRef = A91AADEB2452E638007003AF /* BCPUsersDetailsCommandsHandler.h */; };
		A91AAE092452E639007003AF /* BCPUsersDetailsCache.h in Headers */ = {isa = PBXBuildFile; fileRef = A91AADEC2452E638007003AF /* BCPUsersDetailsCache.h */; };
		A91AAE0A2452E639007003AF /* BCPBandyerPlugin.m in Sources */ = {isa = PBXBuildFile; fileRef = A91AADED2452E638007003AF /* BCPBandyerPlugin.m */; };
		A91AAE0B2452E639007003AF /* BCPBandyerPlugin.h in Headers */ = {isa = PBXBuildFile; fileRef = A91AADEE2452E638007003AF /* BCPBandyerPlugin.h */; };
		A91AAE0C2452E639007003AF /* BCPEventEmitter.h in Headers */ = {isa = PBXBuildFile; fileRef = A91AADEF2452E638007003AF /* BCPEventEmitter.h */; };
		A91AAE0D2452E639007003AF /* BCPConstants.h in Headers */ = {isa = PBXBuildFile; fileRef = A91AADF02452E638007003AF /* BCPConstants.h */; };
		A91AAE0E2452E639007003AF /* BCPMacros.h in Headers */ = {isa = PBXBuildFile; fileRef = A91AADF12452E638007003AF /* BCPMacros.h */; };
		A91AAE0F2452E639007003AF /* BCPUsersDetailsFetcher.h in Headers */ = {isa = PBXBuildFile; fileRef = A91AADF22452E638007003AF /* BCPUsersDetailsFetcher.h */; };
		A91AAE102452E639007003AF /* BCPUsersDetailsCache.m in Sources */ = {isa = PBXBuildFile; fileRef = A91AADF32452E638007003AF /* BCPUsersDetailsCache.m */; };
		A91AAE112452E639007003AF /* BCPPushTokenEventsReporter.m in Sources */ = {isa = PBXBuildFile; fileRef = A91AADF42452E639007003AF /* BCPPushTokenEventsReporter.m */; };
		A91AAE122452E639007003AF /* NSString+BandyerPlugin.h in Headers */ = {isa = PBXBuildFile; fileRef = A91AADF52452E639007003AF /* NSString+BandyerPlugin.h */; };
		A91AAE132452E639007003AF /* BCPPushTokenEventsReporter.h in Headers */ = {isa = PBXBuildFile; fileRef = A91AADF62452E639007003AF /* BCPPushTokenEventsReporter.h */; };
		A91AAE142452E639007003AF /* BCPCallClientEventsReporter.h in Headers */ = {isa = PBXBuildFile; fileRef = A91AADF72452E639007003AF /* BCPCallClientEventsReporter.h */; };
		A91AAE152452E639007003AF /* BCPChatClientEventsReporter.m in Sources */ = {isa = PBXBuildFile; fileRef = A91AADF82452E639007003AF /* BCPChatClientEventsReporter.m */; };
		A91AAE162452E639007003AF /* BCPUsersDetailsFetcher.m in Sources */ = {isa = PBXBuildFile; fileRef = A91AADF92452E639007003AF /* BCPUsersDetailsFetcher.m */; };
		A91AAE172452E639007003AF /* BCPEventEmitter.m in Sources */ = {isa = PBXBuildFile; fileRef = A91AADFA2452E639007003AF /* BCPEventEmitter.m */; };
		A91AAE182452E639007003AF /* BCPBandyerEvents.m in Sources */ = {isa = PBXBuildFile; fileRef = A91AADFB2452E639007003AF /* BCPBandyerEvents.m */; };
		A91AAE192452E639007003AF /* BCPContactHandleProvider.h in Headers */ = {isa = PBXBuildFile; fileRef = A91AADFC2452E639007003AF /* BCPContactHandleProvider.h */; };
		A91AAE1A2452E639007003AF /* BCPUsersDetailsCommandsHandler.m in Sources */ = {isa = PBXBuildFile; fileRef = A91AADFD2452E639007003AF /* BCPUsersDetailsCommandsHandler.m */; };
		A91AAE1E245309E9007003AF /* BCPUserDetailsFormatterTests.m in Sources */ = {isa = PBXBuildFile; fileRef = A91AAE1D245309E9007003AF /* BCPUserDetailsFormatterTests.m */; };
		A91AAE2124530A6E007003AF /* BCPUserDetailsFormatter.h in Headers */ = {isa = PBXBuildFile; fileRef = A91AAE1F24530A6E007003AF /* BCPUserDetailsFormatter.h */; };
		A91AAE2224530A6E007003AF /* BCPUserDetailsFormatter.m in Sources */ = {isa = PBXBuildFile; fileRef = A91AAE2024530A6E007003AF /* BCPUserDetailsFormatter.m */; };
		A9637FFA234CC8C20050AAA7 /* Bandyer_Cordova_Plugin.framework in Frameworks */ = {isa = PBXBuildFile; fileRef = A9C31AF822C22D1100BC33D5 /* Bandyer_Cordova_Plugin.framework */; };
		A9A1A3F124586F0C0077A3DD /* BCPPluginResultMatcher.m in Sources */ = {isa = PBXBuildFile; fileRef = A9A1A3F024586F0C0077A3DD /* BCPPluginResultMatcher.m */; };
		A9EDB31124573E7500C57DE1 /* BCPBandyerPluginTests.m in Sources */ = {isa = PBXBuildFile; fileRef = A9EDB31024573E7500C57DE1 /* BCPBandyerPluginTests.m */; };
		C05E42F3BBA02E130BA1C106 /* Pods_Bandyer_Cordova_Plugin.framework in Frameworks */ = {isa = PBXBuildFile; fileRef = C8422BE86AF6E2A10F50E329 /* Pods_Bandyer_Cordova_Plugin.framework */; };
/* End PBXBuildFile section */

/* Begin PBXContainerItemProxy section */
		A9637FFB234CC8C20050AAA7 /* PBXContainerItemProxy */ = {
			isa = PBXContainerItemProxy;
			containerPortal = A9C31AEF22C22D1100BC33D5 /* Project object */;
			proxyType = 1;
			remoteGlobalIDString = A9C31AF722C22D1100BC33D5;
			remoteInfo = "Bandyer-Cordova-Plugin";
		};
/* End PBXContainerItemProxy section */

/* Begin PBXFileReference section */
		272A7C77D9CD9661CFD85124 /* Pods-Bandyer-Cordova-Plugin.release.xcconfig */ = {isa = PBXFileReference; includeInIndex = 1; lastKnownFileType = text.xcconfig; name = "Pods-Bandyer-Cordova-Plugin.release.xcconfig"; path = "Target Support Files/Pods-Bandyer-Cordova-Plugin/Pods-Bandyer-Cordova-Plugin.release.xcconfig"; sourceTree = "<group>"; };
		31F908A59C0FBEFC6C0C7498 /* Pods-Bandyer-Cordova-Plugin.debug.xcconfig */ = {isa = PBXFileReference; includeInIndex = 1; lastKnownFileType = text.xcconfig; name = "Pods-Bandyer-Cordova-Plugin.debug.xcconfig"; path = "Target Support Files/Pods-Bandyer-Cordova-Plugin/Pods-Bandyer-Cordova-Plugin.debug.xcconfig"; sourceTree = "<group>"; };
		418C2E4A4923F723B519118A /* Pods-Bandyer-Cordova-PluginTests.release.xcconfig */ = {isa = PBXFileReference; includeInIndex = 1; lastKnownFileType = text.xcconfig; name = "Pods-Bandyer-Cordova-PluginTests.release.xcconfig"; path = "Target Support Files/Pods-Bandyer-Cordova-PluginTests/Pods-Bandyer-Cordova-PluginTests.release.xcconfig"; sourceTree = "<group>"; };
		62DD265AE93EA319DD7F40E8 /* plugin.xml */ = {isa = PBXFileReference; fileEncoding = 4; lastKnownFileType = text.xml; path = plugin.xml; sourceTree = "<group>"; };
		62DD2B00C102037A66ABD40D /* package.json */ = {isa = PBXFileReference; fileEncoding = 4; lastKnownFileType = text.json; path = package.json; sourceTree = "<group>"; };
		92EF0F845638CEA147B69895 /* Pods-Bandyer-Cordova-PluginTests.debug.xcconfig */ = {isa = PBXFileReference; includeInIndex = 1; lastKnownFileType = text.xcconfig; name = "Pods-Bandyer-Cordova-PluginTests.debug.xcconfig"; path = "Target Support Files/Pods-Bandyer-Cordova-PluginTests/Pods-Bandyer-Cordova-PluginTests.debug.xcconfig"; sourceTree = "<group>"; };
		A91AADC12452E5AF007003AF /* BCPExceptionsMatcher.h */ = {isa = PBXFileReference; fileEncoding = 4; lastKnownFileType = sourcecode.c.h; path = BCPExceptionsMatcher.h; sourceTree = "<group>"; };
		A91AADC22452E5AF007003AF /* BCPPushTokenEventsReporterTest.m */ = {isa = PBXFileReference; fileEncoding = 4; lastKnownFileType = sourcecode.c.objc; path = BCPPushTokenEventsReporterTest.m; sourceTree = "<group>"; };
		A91AADC32452E5AF007003AF /* BCPUserInterfaceCoordinatorTest.m */ = {isa = PBXFileReference; fileEncoding = 4; lastKnownFileType = sourcecode.c.objc; path = BCPUserInterfaceCoordinatorTest.m; sourceTree = "<group>"; };
		A91AADC42452E5AF007003AF /* BCPUsersDetailsFetcherTest.m */ = {isa = PBXFileReference; fileEncoding = 4; lastKnownFileType = sourcecode.c.objc; path = BCPUsersDetailsFetcherTest.m; sourceTree = "<group>"; };
		A91AADC52452E5AF007003AF /* BCPiOS10AndAboveTestCase.h */ = {isa = PBXFileReference; fileEncoding = 4; lastKnownFileType = sourcecode.c.h; path = BCPiOS10AndAboveTestCase.h; sourceTree = "<group>"; };
		A91AADC62452E5AF007003AF /* BCPTestCase.m */ = {isa = PBXFileReference; fileEncoding = 4; lastKnownFileType = sourcecode.c.objc; path = BCPTestCase.m; sourceTree = "<group>"; };
		A91AADC72452E5AF007003AF /* BCPUsersDetailsCommandsHandlerTest.m */ = {isa = PBXFileReference; fileEncoding = 4; lastKnownFileType = sourcecode.c.objc; path = BCPUsersDetailsCommandsHandlerTest.m; sourceTree = "<group>"; };
		A91AADC82452E5AF007003AF /* BCPEventEmitterTest.m */ = {isa = PBXFileReference; fileEncoding = 4; lastKnownFileType = sourcecode.c.objc; path = BCPEventEmitterTest.m; sourceTree = "<group>"; };
		A91AADC92452E5AF007003AF /* BCPExceptionsMatcher.m */ = {isa = PBXFileReference; fileEncoding = 4; lastKnownFileType = sourcecode.c.objc; path = BCPExceptionsMatcher.m; sourceTree = "<group>"; };
		A91AADCA2452E5AF007003AF /* BCPUsersDetailsCacheTest.m */ = {isa = PBXFileReference; fileEncoding = 4; lastKnownFileType = sourcecode.c.objc; path = BCPUsersDetailsCacheTest.m; sourceTree = "<group>"; };
		A91AADCB2452E5AF007003AF /* BCPContactHandleProviderTest.m */ = {isa = PBXFileReference; fileEncoding = 4; lastKnownFileType = sourcecode.c.objc; path = BCPContactHandleProviderTest.m; sourceTree = "<group>"; };
		A91AADCC2452E5AF007003AF /* BCPiOS10AndAboveTestCase.m */ = {isa = PBXFileReference; fileEncoding = 4; lastKnownFileType = sourcecode.c.objc; path = BCPiOS10AndAboveTestCase.m; sourceTree = "<group>"; };
		A91AADCD2452E5AF007003AF /* BCPTestCase.h */ = {isa = PBXFileReference; fileEncoding = 4; lastKnownFileType = sourcecode.c.h; path = BCPTestCase.h; sourceTree = "<group>"; };
		A91AADCE2452E5AF007003AF /* BCPChatClientEventsReporterTest.m */ = {isa = PBXFileReference; fileEncoding = 4; lastKnownFileType = sourcecode.c.objc; path = BCPChatClientEventsReporterTest.m; sourceTree = "<group>"; };
		A91AADCF2452E5AF007003AF /* BCPTestingMacros.h */ = {isa = PBXFileReference; fileEncoding = 4; lastKnownFileType = sourcecode.c.h; path = BCPTestingMacros.h; sourceTree = "<group>"; };
		A91AADD02452E5AF007003AF /* BCPCallClientEventsReporterTest.m */ = {isa = PBXFileReference; fileEncoding = 4; lastKnownFileType = sourcecode.c.objc; path = BCPCallClientEventsReporterTest.m; sourceTree = "<group>"; };
		A91AADD12452E5AF007003AF /* CDVPluginResult_FactoryMethodsCategoryTest.m */ = {isa = PBXFileReference; fileEncoding = 4; lastKnownFileType = sourcecode.c.objc; path = CDVPluginResult_FactoryMethodsCategoryTest.m; sourceTree = "<group>"; };
		A91AADD22452E5AF007003AF /* Info.plist */ = {isa = PBXFileReference; fileEncoding = 4; lastKnownFileType = text.plist.xml; path = Info.plist; sourceTree = "<group>"; };
		A91AADE12452E638007003AF /* BCPChatClientEventsReporter.h */ = {isa = PBXFileReference; fileEncoding = 4; lastKnownFileType = sourcecode.c.h; path = BCPChatClientEventsReporter.h; sourceTree = "<group>"; };
		A91AADE22452E638007003AF /* BCPContactHandleProvider.m */ = {isa = PBXFileReference; fileEncoding = 4; lastKnownFileType = sourcecode.c.objc; path = BCPContactHandleProvider.m; sourceTree = "<group>"; };
		A91AADE32452E638007003AF /* CDVPluginResult+BCPFactoryMethods.h */ = {isa = PBXFileReference; fileEncoding = 4; lastKnownFileType = sourcecode.c.h; path = "CDVPluginResult+BCPFactoryMethods.h"; sourceTree = "<group>"; };
		A91AADE42452E638007003AF /* BCPBandyerEvents.h */ = {isa = PBXFileReference; fileEncoding = 4; lastKnownFileType = sourcecode.c.h; path = BCPBandyerEvents.h; sourceTree = "<group>"; };
		A91AADE52452E638007003AF /* BCPCallClientEventsReporter.m */ = {isa = PBXFileReference; fileEncoding = 4; lastKnownFileType = sourcecode.c.objc; path = BCPCallClientEventsReporter.m; sourceTree = "<group>"; };
		A91AADE62452E638007003AF /* NSString+BandyerPlugin.m */ = {isa = PBXFileReference; fileEncoding = 4; lastKnownFileType = sourcecode.c.objc; path = "NSString+BandyerPlugin.m"; sourceTree = "<group>"; };
		A91AADE72452E638007003AF /* BCPUserInterfaceCoordinator.h */ = {isa = PBXFileReference; fileEncoding = 4; lastKnownFileType = sourcecode.c.h; path = BCPUserInterfaceCoordinator.h; sourceTree = "<group>"; };
		A91AADE82452E638007003AF /* BCPConstants.m */ = {isa = PBXFileReference; fileEncoding = 4; lastKnownFileType = sourcecode.c.objc; path = BCPConstants.m; sourceTree = "<group>"; };
		A91AADE92452E638007003AF /* CDVPluginResult+BCPFactoryMethods.m */ = {isa = PBXFileReference; fileEncoding = 4; lastKnownFileType = sourcecode.c.objc; path = "CDVPluginResult+BCPFactoryMethods.m"; sourceTree = "<group>"; };
		A91AADEA2452E638007003AF /* BCPUserInterfaceCoordinator.m */ = {isa = PBXFileReference; fileEncoding = 4; lastKnownFileType = sourcecode.c.objc; path = BCPUserInterfaceCoordinator.m; sourceTree = "<group>"; };
		A91AADEB2452E638007003AF /* BCPUsersDetailsCommandsHandler.h */ = {isa = PBXFileReference; fileEncoding = 4; lastKnownFileType = sourcecode.c.h; path = BCPUsersDetailsCommandsHandler.h; sourceTree = "<group>"; };
		A91AADEC2452E638007003AF /* BCPUsersDetailsCache.h */ = {isa = PBXFileReference; fileEncoding = 4; lastKnownFileType = sourcecode.c.h; path = BCPUsersDetailsCache.h; sourceTree = "<group>"; };
		A91AADED2452E638007003AF /* BCPBandyerPlugin.m */ = {isa = PBXFileReference; fileEncoding = 4; lastKnownFileType = sourcecode.c.objc; path = BCPBandyerPlugin.m; sourceTree = "<group>"; };
		A91AADEE2452E638007003AF /* BCPBandyerPlugin.h */ = {isa = PBXFileReference; fileEncoding = 4; lastKnownFileType = sourcecode.c.h; path = BCPBandyerPlugin.h; sourceTree = "<group>"; };
		A91AADEF2452E638007003AF /* BCPEventEmitter.h */ = {isa = PBXFileReference; fileEncoding = 4; lastKnownFileType = sourcecode.c.h; path = BCPEventEmitter.h; sourceTree = "<group>"; };
		A91AADF02452E638007003AF /* BCPConstants.h */ = {isa = PBXFileReference; fileEncoding = 4; lastKnownFileType = sourcecode.c.h; path = BCPConstants.h; sourceTree = "<group>"; };
		A91AADF12452E638007003AF /* BCPMacros.h */ = {isa = PBXFileReference; fileEncoding = 4; lastKnownFileType = sourcecode.c.h; path = BCPMacros.h; sourceTree = "<group>"; };
		A91AADF22452E638007003AF /* BCPUsersDetailsFetcher.h */ = {isa = PBXFileReference; fileEncoding = 4; lastKnownFileType = sourcecode.c.h; path = BCPUsersDetailsFetcher.h; sourceTree = "<group>"; };
		A91AADF32452E638007003AF /* BCPUsersDetailsCache.m */ = {isa = PBXFileReference; fileEncoding = 4; lastKnownFileType = sourcecode.c.objc; path = BCPUsersDetailsCache.m; sourceTree = "<group>"; };
		A91AADF42452E639007003AF /* BCPPushTokenEventsReporter.m */ = {isa = PBXFileReference; fileEncoding = 4; lastKnownFileType = sourcecode.c.objc; path = BCPPushTokenEventsReporter.m; sourceTree = "<group>"; };
		A91AADF52452E639007003AF /* NSString+BandyerPlugin.h */ = {isa = PBXFileReference; fileEncoding = 4; lastKnownFileType = sourcecode.c.h; path = "NSString+BandyerPlugin.h"; sourceTree = "<group>"; };
		A91AADF62452E639007003AF /* BCPPushTokenEventsReporter.h */ = {isa = PBXFileReference; fileEncoding = 4; lastKnownFileType = sourcecode.c.h; path = BCPPushTokenEventsReporter.h; sourceTree = "<group>"; };
		A91AADF72452E639007003AF /* BCPCallClientEventsReporter.h */ = {isa = PBXFileReference; fileEncoding = 4; lastKnownFileType = sourcecode.c.h; path = BCPCallClientEventsReporter.h; sourceTree = "<group>"; };
		A91AADF82452E639007003AF /* BCPChatClientEventsReporter.m */ = {isa = PBXFileReference; fileEncoding = 4; lastKnownFileType = sourcecode.c.objc; path = BCPChatClientEventsReporter.m; sourceTree = "<group>"; };
		A91AADF92452E639007003AF /* BCPUsersDetailsFetcher.m */ = {isa = PBXFileReference; fileEncoding = 4; lastKnownFileType = sourcecode.c.objc; path = BCPUsersDetailsFetcher.m; sourceTree = "<group>"; };
		A91AADFA2452E639007003AF /* BCPEventEmitter.m */ = {isa = PBXFileReference; fileEncoding = 4; lastKnownFileType = sourcecode.c.objc; path = BCPEventEmitter.m; sourceTree = "<group>"; };
		A91AADFB2452E639007003AF /* BCPBandyerEvents.m */ = {isa = PBXFileReference; fileEncoding = 4; lastKnownFileType = sourcecode.c.objc; path = BCPBandyerEvents.m; sourceTree = "<group>"; };
		A91AADFC2452E639007003AF /* BCPContactHandleProvider.h */ = {isa = PBXFileReference; fileEncoding = 4; lastKnownFileType = sourcecode.c.h; path = BCPContactHandleProvider.h; sourceTree = "<group>"; };
		A91AADFD2452E639007003AF /* BCPUsersDetailsCommandsHandler.m */ = {isa = PBXFileReference; fileEncoding = 4; lastKnownFileType = sourcecode.c.objc; path = BCPUsersDetailsCommandsHandler.m; sourceTree = "<group>"; };
		A91AAE1D245309E9007003AF /* BCPUserDetailsFormatterTests.m */ = {isa = PBXFileReference; lastKnownFileType = sourcecode.c.objc; path = BCPUserDetailsFormatterTests.m; sourceTree = "<group>"; };
		A91AAE1F24530A6E007003AF /* BCPUserDetailsFormatter.h */ = {isa = PBXFileReference; lastKnownFileType = sourcecode.c.h; path = BCPUserDetailsFormatter.h; sourceTree = "<group>"; };
		A91AAE2024530A6E007003AF /* BCPUserDetailsFormatter.m */ = {isa = PBXFileReference; lastKnownFileType = sourcecode.c.objc; path = BCPUserDetailsFormatter.m; sourceTree = "<group>"; };
		A924CC35243782B300AD3805 /* www */ = {isa = PBXFileReference; lastKnownFileType = folder; path = www; sourceTree = "<group>"; };
		A9637FF5234CC8C20050AAA7 /* Bandyer-Cordova-PluginTests.xctest */ = {isa = PBXFileReference; explicitFileType = wrapper.cfbundle; includeInIndex = 0; path = "Bandyer-Cordova-PluginTests.xctest"; sourceTree = BUILT_PRODUCTS_DIR; };
		A9A1A3EF24586EA40077A3DD /* BCPPluginResultMatcher.h */ = {isa = PBXFileReference; lastKnownFileType = sourcecode.c.h; path = BCPPluginResultMatcher.h; sourceTree = "<group>"; };
		A9A1A3F024586F0C0077A3DD /* BCPPluginResultMatcher.m */ = {isa = PBXFileReference; lastKnownFileType = sourcecode.c.objc; path = BCPPluginResultMatcher.m; sourceTree = "<group>"; };
		A9C31AF822C22D1100BC33D5 /* Bandyer_Cordova_Plugin.framework */ = {isa = PBXFileReference; explicitFileType = wrapper.framework; includeInIndex = 0; path = Bandyer_Cordova_Plugin.framework; sourceTree = BUILT_PRODUCTS_DIR; };
		A9C31AFC22C22D1100BC33D5 /* Info.plist */ = {isa = PBXFileReference; lastKnownFileType = text.plist.xml; path = Info.plist; sourceTree = "<group>"; };
		A9EDB31024573E7500C57DE1 /* BCPBandyerPluginTests.m */ = {isa = PBXFileReference; lastKnownFileType = sourcecode.c.objc; path = BCPBandyerPluginTests.m; sourceTree = "<group>"; };
		C8422BE86AF6E2A10F50E329 /* Pods_Bandyer_Cordova_Plugin.framework */ = {isa = PBXFileReference; explicitFileType = wrapper.framework; includeInIndex = 0; path = Pods_Bandyer_Cordova_Plugin.framework; sourceTree = BUILT_PRODUCTS_DIR; };
		E26705AAB9FB6D90AC8CF14C /* Pods_Bandyer_Cordova_PluginTests.framework */ = {isa = PBXFileReference; explicitFileType = wrapper.framework; includeInIndex = 0; path = Pods_Bandyer_Cordova_PluginTests.framework; sourceTree = BUILT_PRODUCTS_DIR; };
/* End PBXFileReference section */

/* Begin PBXFrameworksBuildPhase section */
		A9637FF2234CC8C20050AAA7 /* Frameworks */ = {
			isa = PBXFrameworksBuildPhase;
			buildActionMask = 2147483647;
			files = (
				A9637FFA234CC8C20050AAA7 /* Bandyer_Cordova_Plugin.framework in Frameworks */,
				8B3356EBB56A649B8A360CEB /* Pods_Bandyer_Cordova_PluginTests.framework in Frameworks */,
			);
			runOnlyForDeploymentPostprocessing = 0;
		};
		A9C31AF522C22D1100BC33D5 /* Frameworks */ = {
			isa = PBXFrameworksBuildPhase;
			buildActionMask = 2147483647;
			files = (
				C05E42F3BBA02E130BA1C106 /* Pods_Bandyer_Cordova_Plugin.framework in Frameworks */,
			);
			runOnlyForDeploymentPostprocessing = 0;
		};
/* End PBXFrameworksBuildPhase section */

/* Begin PBXGroup section */
		23F87D898896910F1885862F /* Pods */ = {
			isa = PBXGroup;
			children = (
				31F908A59C0FBEFC6C0C7498 /* Pods-Bandyer-Cordova-Plugin.debug.xcconfig */,
				272A7C77D9CD9661CFD85124 /* Pods-Bandyer-Cordova-Plugin.release.xcconfig */,
				92EF0F845638CEA147B69895 /* Pods-Bandyer-Cordova-PluginTests.debug.xcconfig */,
				418C2E4A4923F723B519118A /* Pods-Bandyer-Cordova-PluginTests.release.xcconfig */,
			);
			path = Pods;
			sourceTree = "<group>";
		};
		62DD2611AEC250BFC5FD7619 /* Config */ = {
			isa = PBXGroup;
			children = (
				62DD2B00C102037A66ABD40D /* package.json */,
				62DD265AE93EA319DD7F40E8 /* plugin.xml */,
			);
			name = Config;
			sourceTree = "<group>";
		};
		A91AADC02452E5AF007003AF /* Unit Tests */ = {
			isa = PBXGroup;
			children = (
				A91AADD02452E5AF007003AF /* BCPCallClientEventsReporterTest.m */,
				A91AADCE2452E5AF007003AF /* BCPChatClientEventsReporterTest.m */,
				A91AADCB2452E5AF007003AF /* BCPContactHandleProviderTest.m */,
				A91AADC82452E5AF007003AF /* BCPEventEmitterTest.m */,
				A91AADC12452E5AF007003AF /* BCPExceptionsMatcher.h */,
				A91AADC92452E5AF007003AF /* BCPExceptionsMatcher.m */,
				A91AADC52452E5AF007003AF /* BCPiOS10AndAboveTestCase.h */,
				A91AADCC2452E5AF007003AF /* BCPiOS10AndAboveTestCase.m */,
				A91AADC22452E5AF007003AF /* BCPPushTokenEventsReporterTest.m */,
				A91AADCD2452E5AF007003AF /* BCPTestCase.h */,
				A91AADC62452E5AF007003AF /* BCPTestCase.m */,
				A91AADCF2452E5AF007003AF /* BCPTestingMacros.h */,
				A91AADC32452E5AF007003AF /* BCPUserInterfaceCoordinatorTest.m */,
				A91AADCA2452E5AF007003AF /* BCPUsersDetailsCacheTest.m */,
				A91AADC72452E5AF007003AF /* BCPUsersDetailsCommandsHandlerTest.m */,
				A91AADC42452E5AF007003AF /* BCPUsersDetailsFetcherTest.m */,
				A91AADD12452E5AF007003AF /* CDVPluginResult_FactoryMethodsCategoryTest.m */,
				A91AADD22452E5AF007003AF /* Info.plist */,
				A91AAE1D245309E9007003AF /* BCPUserDetailsFormatterTests.m */,
				A9EDB31024573E7500C57DE1 /* BCPBandyerPluginTests.m */,
			);
			path = "Unit Tests";
			sourceTree = "<group>";
		};
		A9638002234CCAE90050AAA7 /* Test */ = {
			isa = PBXGroup;
			children = (
				A9A1A3EE24586E6A0077A3DD /* Helpers */,
				A91AADC02452E5AF007003AF /* Unit Tests */,
			);
			name = Test;
			path = test/ios;
			sourceTree = "<group>";
		};
		A9A1A3EE24586E6A0077A3DD /* Helpers */ = {
			isa = PBXGroup;
			children = (
				A9A1A3EF24586EA40077A3DD /* BCPPluginResultMatcher.h */,
				A9A1A3F024586F0C0077A3DD /* BCPPluginResultMatcher.m */,
			);
			path = Helpers;
			sourceTree = "<group>";
		};
		A9C31AEE22C22D1100BC33D5 = {
			isa = PBXGroup;
			children = (
				62DD2611AEC250BFC5FD7619 /* Config */,
				D64815E97D96849B6E3D60F1 /* Frameworks */,
				A9C31AFC22C22D1100BC33D5 /* Info.plist */,
				23F87D898896910F1885862F /* Pods */,
				A9C31AF922C22D1100BC33D5 /* Products */,
				A9C31B1822C22DE900BC33D5 /* Source */,
				A9638002234CCAE90050AAA7 /* Test */,
				A924CC35243782B300AD3805 /* www */,
			);
			sourceTree = "<group>";
		};
		A9C31AF922C22D1100BC33D5 /* Products */ = {
			isa = PBXGroup;
			children = (
				A9C31AF822C22D1100BC33D5 /* Bandyer_Cordova_Plugin.framework */,
				A9637FF5234CC8C20050AAA7 /* Bandyer-Cordova-PluginTests.xctest */,
			);
			name = Products;
			sourceTree = "<group>";
		};
		A9C31B1822C22DE900BC33D5 /* Source */ = {
			isa = PBXGroup;
			children = (
				A91AADE42452E638007003AF /* BCPBandyerEvents.h */,
				A91AADFB2452E639007003AF /* BCPBandyerEvents.m */,
				A91AADEE2452E638007003AF /* BCPBandyerPlugin.h */,
				A91AADED2452E638007003AF /* BCPBandyerPlugin.m */,
				A91AADF72452E639007003AF /* BCPCallClientEventsReporter.h */,
				A91AADE52452E638007003AF /* BCPCallClientEventsReporter.m */,
				A91AADE12452E638007003AF /* BCPChatClientEventsReporter.h */,
				A91AADF82452E639007003AF /* BCPChatClientEventsReporter.m */,
				A91AADF02452E638007003AF /* BCPConstants.h */,
				A91AADE82452E638007003AF /* BCPConstants.m */,
				A91AADFC2452E639007003AF /* BCPContactHandleProvider.h */,
				A91AADE22452E638007003AF /* BCPContactHandleProvider.m */,
				A91AADEF2452E638007003AF /* BCPEventEmitter.h */,
				A91AADFA2452E639007003AF /* BCPEventEmitter.m */,
				A91AADF12452E638007003AF /* BCPMacros.h */,
				A91AADF62452E639007003AF /* BCPPushTokenEventsReporter.h */,
				A91AADF42452E639007003AF /* BCPPushTokenEventsReporter.m */,
				A91AADE72452E638007003AF /* BCPUserInterfaceCoordinator.h */,
				A91AADEA2452E638007003AF /* BCPUserInterfaceCoordinator.m */,
				A91AADEC2452E638007003AF /* BCPUsersDetailsCache.h */,
				A91AADF32452E638007003AF /* BCPUsersDetailsCache.m */,
				A91AADEB2452E638007003AF /* BCPUsersDetailsCommandsHandler.h */,
				A91AADFD2452E639007003AF /* BCPUsersDetailsCommandsHandler.m */,
				A91AADF22452E638007003AF /* BCPUsersDetailsFetcher.h */,
				A91AADF92452E639007003AF /* BCPUsersDetailsFetcher.m */,
				A91AADE32452E638007003AF /* CDVPluginResult+BCPFactoryMethods.h */,
				A91AADE92452E638007003AF /* CDVPluginResult+BCPFactoryMethods.m */,
				A91AADF52452E639007003AF /* NSString+BandyerPlugin.h */,
				A91AADE62452E638007003AF /* NSString+BandyerPlugin.m */,
				A91AAE1F24530A6E007003AF /* BCPUserDetailsFormatter.h */,
				A91AAE2024530A6E007003AF /* BCPUserDetailsFormatter.m */,
			);
			name = Source;
			path = src/ios;
			sourceTree = "<group>";
		};
		D64815E97D96849B6E3D60F1 /* Frameworks */ = {
			isa = PBXGroup;
			children = (
				C8422BE86AF6E2A10F50E329 /* Pods_Bandyer_Cordova_Plugin.framework */,
				E26705AAB9FB6D90AC8CF14C /* Pods_Bandyer_Cordova_PluginTests.framework */,
			);
			name = Frameworks;
			sourceTree = "<group>";
		};
/* End PBXGroup section */

/* Begin PBXHeadersBuildPhase section */
		A9C31AF322C22D1100BC33D5 /* Headers */ = {
			isa = PBXHeadersBuildPhase;
			buildActionMask = 2147483647;
			files = (
				A91AAE0C2452E639007003AF /* BCPEventEmitter.h in Headers */,
				A91AAE0E2452E639007003AF /* BCPMacros.h in Headers */,
				A91AAE0D2452E639007003AF /* BCPConstants.h in Headers */,
				A91AAE042452E639007003AF /* BCPUserInterfaceCoordinator.h in Headers */,
				A91AAE092452E639007003AF /* BCPUsersDetailsCache.h in Headers */,
				A91AAE0F2452E639007003AF /* BCPUsersDetailsFetcher.h in Headers */,
				A91AAE082452E639007003AF /* BCPUsersDetailsCommandsHandler.h in Headers */,
				A91AAE002452E639007003AF /* CDVPluginResult+BCPFactoryMethods.h in Headers */,
				A91AAE192452E639007003AF /* BCPContactHandleProvider.h in Headers */,
				A91AAE012452E639007003AF /* BCPBandyerEvents.h in Headers */,
				A91AAE132452E639007003AF /* BCPPushTokenEventsReporter.h in Headers */,
				A91AAE122452E639007003AF /* NSString+BandyerPlugin.h in Headers */,
				A91AADFE2452E639007003AF /* BCPChatClientEventsReporter.h in Headers */,
				A91AAE2124530A6E007003AF /* BCPUserDetailsFormatter.h in Headers */,
				A91AAE0B2452E639007003AF /* BCPBandyerPlugin.h in Headers */,
				A91AAE142452E639007003AF /* BCPCallClientEventsReporter.h in Headers */,
			);
			runOnlyForDeploymentPostprocessing = 0;
		};
/* End PBXHeadersBuildPhase section */

/* Begin PBXNativeTarget section */
		A9637FF4234CC8C20050AAA7 /* Bandyer-Cordova-PluginTests */ = {
			isa = PBXNativeTarget;
			buildConfigurationList = A9637FFF234CC8C20050AAA7 /* Build configuration list for PBXNativeTarget "Bandyer-Cordova-PluginTests" */;
			buildPhases = (
				6A47C3F582732B2EBCE68E7C /* [CP] Check Pods Manifest.lock */,
				A9637FF1234CC8C20050AAA7 /* Sources */,
				A9637FF2234CC8C20050AAA7 /* Frameworks */,
				A9637FF3234CC8C20050AAA7 /* Resources */,
				5A938A7220882B55189A8BEF /* [CP] Embed Pods Frameworks */,
			);
			buildRules = (
			);
			dependencies = (
				A9637FFC234CC8C20050AAA7 /* PBXTargetDependency */,
			);
			name = "Bandyer-Cordova-PluginTests";
			productName = "Bandyer-Cordova-PluginTests";
			productReference = A9637FF5234CC8C20050AAA7 /* Bandyer-Cordova-PluginTests.xctest */;
			productType = "com.apple.product-type.bundle.unit-test";
		};
		A9C31AF722C22D1100BC33D5 /* Bandyer-Cordova-Plugin */ = {
			isa = PBXNativeTarget;
			buildConfigurationList = A9C31B0022C22D1100BC33D5 /* Build configuration list for PBXNativeTarget "Bandyer-Cordova-Plugin" */;
			buildPhases = (
				EB58AD25E1190AC0C30A4F87 /* [CP] Check Pods Manifest.lock */,
				A9C31AF322C22D1100BC33D5 /* Headers */,
				A9C31AF422C22D1100BC33D5 /* Sources */,
				A9C31AF522C22D1100BC33D5 /* Frameworks */,
				A9C31AF622C22D1100BC33D5 /* Resources */,
			);
			buildRules = (
			);
			dependencies = (
			);
			name = "Bandyer-Cordova-Plugin";
			productName = "Bandyer-Cordova-Plugin";
			productReference = A9C31AF822C22D1100BC33D5 /* Bandyer_Cordova_Plugin.framework */;
			productType = "com.apple.product-type.framework";
		};
/* End PBXNativeTarget section */

/* Begin PBXProject section */
		A9C31AEF22C22D1100BC33D5 /* Project object */ = {
			isa = PBXProject;
			attributes = {
				CLASSPREFIX = BCP;
				LastUpgradeCheck = 1020;
				ORGANIZATIONNAME = "Bandyer S.r.l.";
				TargetAttributes = {
					A9637FF4234CC8C20050AAA7 = {
						CreatedOnToolsVersion = 11.1;
					};
					A9C31AF722C22D1100BC33D5 = {
						CreatedOnToolsVersion = 10.2.1;
					};
				};
			};
			buildConfigurationList = A9C31AF222C22D1100BC33D5 /* Build configuration list for PBXProject "Bandyer-Cordova-Plugin" */;
			compatibilityVersion = "Xcode 9.3";
			developmentRegion = en;
			hasScannedForEncodings = 0;
			knownRegions = (
				en,
			);
			mainGroup = A9C31AEE22C22D1100BC33D5;
			productRefGroup = A9C31AF922C22D1100BC33D5 /* Products */;
			projectDirPath = "";
			projectRoot = "";
			targets = (
				A9C31AF722C22D1100BC33D5 /* Bandyer-Cordova-Plugin */,
				A9637FF4234CC8C20050AAA7 /* Bandyer-Cordova-PluginTests */,
			);
		};
/* End PBXProject section */

/* Begin PBXResourcesBuildPhase section */
		A9637FF3234CC8C20050AAA7 /* Resources */ = {
			isa = PBXResourcesBuildPhase;
			buildActionMask = 2147483647;
			files = (
			);
			runOnlyForDeploymentPostprocessing = 0;
		};
		A9C31AF622C22D1100BC33D5 /* Resources */ = {
			isa = PBXResourcesBuildPhase;
			buildActionMask = 2147483647;
			files = (
			);
			runOnlyForDeploymentPostprocessing = 0;
		};
/* End PBXResourcesBuildPhase section */

/* Begin PBXShellScriptBuildPhase section */
		5A938A7220882B55189A8BEF /* [CP] Embed Pods Frameworks */ = {
			isa = PBXShellScriptBuildPhase;
			buildActionMask = 2147483647;
			files = (
			);
			inputFileListPaths = (
				"${PODS_ROOT}/Target Support Files/Pods-Bandyer-Cordova-PluginTests/Pods-Bandyer-Cordova-PluginTests-frameworks-${CONFIGURATION}-input-files.xcfilelist",
			);
			name = "[CP] Embed Pods Frameworks";
			outputFileListPaths = (
				"${PODS_ROOT}/Target Support Files/Pods-Bandyer-Cordova-PluginTests/Pods-Bandyer-Cordova-PluginTests-frameworks-${CONFIGURATION}-output-files.xcfilelist",
			);
			runOnlyForDeploymentPostprocessing = 0;
			shellPath = /bin/sh;
			shellScript = "\"${PODS_ROOT}/Target Support Files/Pods-Bandyer-Cordova-PluginTests/Pods-Bandyer-Cordova-PluginTests-frameworks.sh\"\n";
			showEnvVarsInLog = 0;
		};
		6A47C3F582732B2EBCE68E7C /* [CP] Check Pods Manifest.lock */ = {
			isa = PBXShellScriptBuildPhase;
			buildActionMask = 2147483647;
			files = (
			);
			inputFileListPaths = (
			);
			inputPaths = (
				"${PODS_PODFILE_DIR_PATH}/Podfile.lock",
				"${PODS_ROOT}/Manifest.lock",
			);
			name = "[CP] Check Pods Manifest.lock";
			outputFileListPaths = (
			);
			outputPaths = (
				"$(DERIVED_FILE_DIR)/Pods-Bandyer-Cordova-PluginTests-checkManifestLockResult.txt",
			);
			runOnlyForDeploymentPostprocessing = 0;
			shellPath = /bin/sh;
			shellScript = "diff \"${PODS_PODFILE_DIR_PATH}/Podfile.lock\" \"${PODS_ROOT}/Manifest.lock\" > /dev/null\nif [ $? != 0 ] ; then\n    # print error to STDERR\n    echo \"error: The sandbox is not in sync with the Podfile.lock. Run 'pod install' or update your CocoaPods installation.\" >&2\n    exit 1\nfi\n# This output is used by Xcode 'outputs' to avoid re-running this script phase.\necho \"SUCCESS\" > \"${SCRIPT_OUTPUT_FILE_0}\"\n";
			showEnvVarsInLog = 0;
		};
		EB58AD25E1190AC0C30A4F87 /* [CP] Check Pods Manifest.lock */ = {
			isa = PBXShellScriptBuildPhase;
			buildActionMask = 2147483647;
			files = (
			);
			inputFileListPaths = (
			);
			inputPaths = (
				"${PODS_PODFILE_DIR_PATH}/Podfile.lock",
				"${PODS_ROOT}/Manifest.lock",
			);
			name = "[CP] Check Pods Manifest.lock";
			outputFileListPaths = (
			);
			outputPaths = (
				"$(DERIVED_FILE_DIR)/Pods-Bandyer-Cordova-Plugin-checkManifestLockResult.txt",
			);
			runOnlyForDeploymentPostprocessing = 0;
			shellPath = /bin/sh;
			shellScript = "diff \"${PODS_PODFILE_DIR_PATH}/Podfile.lock\" \"${PODS_ROOT}/Manifest.lock\" > /dev/null\nif [ $? != 0 ] ; then\n    # print error to STDERR\n    echo \"error: The sandbox is not in sync with the Podfile.lock. Run 'pod install' or update your CocoaPods installation.\" >&2\n    exit 1\nfi\n# This output is used by Xcode 'outputs' to avoid re-running this script phase.\necho \"SUCCESS\" > \"${SCRIPT_OUTPUT_FILE_0}\"\n";
			showEnvVarsInLog = 0;
		};
/* End PBXShellScriptBuildPhase section */

/* Begin PBXSourcesBuildPhase section */
		A9637FF1234CC8C20050AAA7 /* Sources */ = {
			isa = PBXSourcesBuildPhase;
			buildActionMask = 2147483647;
			files = (
				A91AADDE2452E5B0007003AF /* BCPCallClientEventsReporterTest.m in Sources */,
				A91AADD92452E5AF007003AF /* BCPExceptionsMatcher.m in Sources */,
				A91AADDF2452E5B0007003AF /* CDVPluginResult_FactoryMethodsCategoryTest.m in Sources */,
				A91AADD52452E5AF007003AF /* BCPUsersDetailsFetcherTest.m in Sources */,
				A91AADD62452E5AF007003AF /* BCPTestCase.m in Sources */,
				A91AADD72452E5AF007003AF /* BCPUsersDetailsCommandsHandlerTest.m in Sources */,
				A91AADD82452E5AF007003AF /* BCPEventEmitterTest.m in Sources */,
				A91AADDB2452E5B0007003AF /* BCPContactHandleProviderTest.m in Sources */,
				A91AADDC2452E5B0007003AF /* BCPiOS10AndAboveTestCase.m in Sources */,
				A9EDB31124573E7500C57DE1 /* BCPBandyerPluginTests.m in Sources */,
				A9A1A3F124586F0C0077A3DD /* BCPPluginResultMatcher.m in Sources */,
				A91AADDD2452E5B0007003AF /* BCPChatClientEventsReporterTest.m in Sources */,
				A91AAE1E245309E9007003AF /* BCPUserDetailsFormatterTests.m in Sources */,
				A91AADDA2452E5B0007003AF /* BCPUsersDetailsCacheTest.m in Sources */,
				A91AADD42452E5AF007003AF /* BCPUserInterfaceCoordinatorTest.m in Sources */,
				A91AADD32452E5AF007003AF /* BCPPushTokenEventsReporterTest.m in Sources */,
			);
			runOnlyForDeploymentPostprocessing = 0;
		};
		A9C31AF422C22D1100BC33D5 /* Sources */ = {
			isa = PBXSourcesBuildPhase;
			buildActionMask = 2147483647;
			files = (
				A91AAE1A2452E639007003AF /* BCPUsersDetailsCommandsHandler.m in Sources */,
				A91AAE182452E639007003AF /* BCPBandyerEvents.m in Sources */,
				A91AAE112452E639007003AF /* BCPPushTokenEventsReporter.m in Sources */,
				A91AAE172452E639007003AF /* BCPEventEmitter.m in Sources */,
				A91AAE022452E639007003AF /* BCPCallClientEventsReporter.m in Sources */,
				A91AAE162452E639007003AF /* BCPUsersDetailsFetcher.m in Sources */,
				A91AAE072452E639007003AF /* BCPUserInterfaceCoordinator.m in Sources */,
				A91AAE102452E639007003AF /* BCPUsersDetailsCache.m in Sources */,
				A91AAE0A2452E639007003AF /* BCPBandyerPlugin.m in Sources */,
				A91AAE062452E639007003AF /* CDVPluginResult+BCPFactoryMethods.m in Sources */,
				A91AAE2224530A6E007003AF /* BCPUserDetailsFormatter.m in Sources */,
				A91AAE032452E639007003AF /* NSString+BandyerPlugin.m in Sources */,
				A91AADFF2452E639007003AF /* BCPContactHandleProvider.m in Sources */,
				A91AAE152452E639007003AF /* BCPChatClientEventsReporter.m in Sources */,
				A91AAE052452E639007003AF /* BCPConstants.m in Sources */,
			);
			runOnlyForDeploymentPostprocessing = 0;
		};
/* End PBXSourcesBuildPhase section */

/* Begin PBXTargetDependency section */
		A9637FFC234CC8C20050AAA7 /* PBXTargetDependency */ = {
			isa = PBXTargetDependency;
			target = A9C31AF722C22D1100BC33D5 /* Bandyer-Cordova-Plugin */;
			targetProxy = A9637FFB234CC8C20050AAA7 /* PBXContainerItemProxy */;
		};
/* End PBXTargetDependency section */

/* Begin XCBuildConfiguration section */
		A9637FFD234CC8C20050AAA7 /* Debug */ = {
			isa = XCBuildConfiguration;
			baseConfigurationReference = 92EF0F845638CEA147B69895 /* Pods-Bandyer-Cordova-PluginTests.debug.xcconfig */;
			buildSettings = {
				CODE_SIGN_STYLE = Automatic;
				FRAMEWORK_SEARCH_PATHS = (
					"$(inherited)",
					"\"${PODS_CONFIGURATION_BUILD_DIR}/OCHamcrest\"",
					"\"${PODS_CONFIGURATION_BUILD_DIR}/OCMockito\"",
				);
				HEADER_SEARCH_PATHS = (
					"$(inherited)",
					"\"${PODS_CONFIGURATION_BUILD_DIR}/OCHamcrest/OCHamcrest.framework/Headers\"",
					"\"${PODS_CONFIGURATION_BUILD_DIR}/OCMockito/OCMockito.framework/Headers\"",
				);
				INFOPLIST_FILE = "test/ios/Unit Tests/Info.plist";
				IPHONEOS_DEPLOYMENT_TARGET = 9.0;
				LD_RUNPATH_SEARCH_PATHS = "$(inherited)";
				PRODUCT_BUNDLE_IDENTIFIER = "it.bandyer.Bandyer-Cordova-PluginTests";
				PRODUCT_NAME = "$(TARGET_NAME)";
				TARGETED_DEVICE_FAMILY = "1,2";
			};
			name = Debug;
		};
		A9637FFE234CC8C20050AAA7 /* Release */ = {
			isa = XCBuildConfiguration;
			baseConfigurationReference = 418C2E4A4923F723B519118A /* Pods-Bandyer-Cordova-PluginTests.release.xcconfig */;
			buildSettings = {
				CODE_SIGN_STYLE = Automatic;
				FRAMEWORK_SEARCH_PATHS = (
					"$(inherited)",
					"\"${PODS_CONFIGURATION_BUILD_DIR}/OCHamcrest\"",
					"\"${PODS_CONFIGURATION_BUILD_DIR}/OCMockito\"",
				);
				HEADER_SEARCH_PATHS = (
					"$(inherited)",
					"\"${PODS_CONFIGURATION_BUILD_DIR}/OCHamcrest/OCHamcrest.framework/Headers\"",
					"\"${PODS_CONFIGURATION_BUILD_DIR}/OCMockito/OCMockito.framework/Headers\"",
				);
				INFOPLIST_FILE = "test/ios/Unit Tests/Info.plist";
				IPHONEOS_DEPLOYMENT_TARGET = 9.0;
				LD_RUNPATH_SEARCH_PATHS = "$(inherited)";
				PRODUCT_BUNDLE_IDENTIFIER = "it.bandyer.Bandyer-Cordova-PluginTests";
				PRODUCT_NAME = "$(TARGET_NAME)";
				TARGETED_DEVICE_FAMILY = "1,2";
			};
			name = Release;
		};
		A9C31AFE22C22D1100BC33D5 /* Debug */ = {
			isa = XCBuildConfiguration;
			buildSettings = {
				ALWAYS_SEARCH_USER_PATHS = NO;
				CLANG_ANALYZER_GCD_PERFORMANCE = YES;
				CLANG_ANALYZER_LOCALIZABILITY_NONLOCALIZED = YES;
				CLANG_ANALYZER_NONNULL = YES;
				CLANG_ANALYZER_NUMBER_OBJECT_CONVERSION = YES_AGGRESSIVE;
				CLANG_ANALYZER_SECURITY_INSECUREAPI_STRCPY = YES;
				CLANG_CXX_LANGUAGE_STANDARD = "gnu++14";
				CLANG_CXX_LIBRARY = "libc++";
				CLANG_ENABLE_MODULES = YES;
				CLANG_ENABLE_OBJC_ARC = YES;
				CLANG_ENABLE_OBJC_WEAK = YES;
				CLANG_WARN_ASSIGN_ENUM = YES;
				CLANG_WARN_BLOCK_CAPTURE_AUTORELEASING = YES;
				CLANG_WARN_BOOL_CONVERSION = YES;
				CLANG_WARN_COMMA = YES;
				CLANG_WARN_CONSTANT_CONVERSION = YES;
				CLANG_WARN_DEPRECATED_OBJC_IMPLEMENTATIONS = YES;
				CLANG_WARN_DIRECT_OBJC_ISA_USAGE = YES_ERROR;
				CLANG_WARN_DOCUMENTATION_COMMENTS = YES;
				CLANG_WARN_EMPTY_BODY = YES;
				CLANG_WARN_ENUM_CONVERSION = YES;
				CLANG_WARN_INFINITE_RECURSION = YES;
				CLANG_WARN_INT_CONVERSION = YES;
				CLANG_WARN_NON_LITERAL_NULL_CONVERSION = YES;
				CLANG_WARN_OBJC_EXPLICIT_OWNERSHIP_TYPE = YES;
				CLANG_WARN_OBJC_IMPLICIT_RETAIN_SELF = YES;
				CLANG_WARN_OBJC_LITERAL_CONVERSION = YES;
				CLANG_WARN_OBJC_ROOT_CLASS = YES_ERROR;
				CLANG_WARN_QUOTED_INCLUDE_IN_FRAMEWORK_HEADER = YES;
				CLANG_WARN_RANGE_LOOP_ANALYSIS = YES;
				CLANG_WARN_STRICT_PROTOTYPES = YES;
				CLANG_WARN_SUSPICIOUS_IMPLICIT_CONVERSION = YES;
				CLANG_WARN_SUSPICIOUS_MOVE = YES;
				CLANG_WARN_UNGUARDED_AVAILABILITY = YES_AGGRESSIVE;
				CLANG_WARN_UNREACHABLE_CODE = YES;
				CLANG_WARN__DUPLICATE_METHOD_MATCH = YES;
				CODE_SIGN_IDENTITY = "Apple Development";
				COPY_PHASE_STRIP = NO;
				CURRENT_PROJECT_VERSION = 1;
				DEBUG_INFORMATION_FORMAT = dwarf;
				ENABLE_STRICT_OBJC_MSGSEND = YES;
				ENABLE_TESTABILITY = YES;
				GCC_C_LANGUAGE_STANDARD = gnu11;
				GCC_DYNAMIC_NO_PIC = NO;
				GCC_NO_COMMON_BLOCKS = YES;
				GCC_OPTIMIZATION_LEVEL = 0;
				GCC_PREPROCESSOR_DEFINITIONS = (
					"DEBUG=1",
					"$(inherited)",
				);
				GCC_WARN_64_TO_32_BIT_CONVERSION = YES;
				GCC_WARN_ABOUT_MISSING_NEWLINE = YES;
				GCC_WARN_ABOUT_RETURN_TYPE = YES_ERROR;
				GCC_WARN_FOUR_CHARACTER_CONSTANTS = YES;
				GCC_WARN_INITIALIZER_NOT_FULLY_BRACKETED = YES;
				GCC_WARN_SIGN_COMPARE = YES;
				GCC_WARN_UNDECLARED_SELECTOR = YES;
				GCC_WARN_UNINITIALIZED_AUTOS = YES_AGGRESSIVE;
				GCC_WARN_UNUSED_FUNCTION = YES;
				GCC_WARN_UNUSED_VARIABLE = YES;
				IPHONEOS_DEPLOYMENT_TARGET = 9.0;
				MTL_ENABLE_DEBUG_INFO = INCLUDE_SOURCE;
				MTL_FAST_MATH = YES;
				ONLY_ACTIVE_ARCH = YES;
				SDKROOT = iphoneos;
				VERSIONING_SYSTEM = "apple-generic";
				VERSION_INFO_PREFIX = "";
			};
			name = Debug;
		};
		A9C31AFF22C22D1100BC33D5 /* Release */ = {
			isa = XCBuildConfiguration;
			buildSettings = {
				ALWAYS_SEARCH_USER_PATHS = NO;
				CLANG_ANALYZER_GCD_PERFORMANCE = YES;
				CLANG_ANALYZER_LOCALIZABILITY_NONLOCALIZED = YES;
				CLANG_ANALYZER_NONNULL = YES;
				CLANG_ANALYZER_NUMBER_OBJECT_CONVERSION = YES_AGGRESSIVE;
				CLANG_ANALYZER_SECURITY_INSECUREAPI_STRCPY = YES;
				CLANG_CXX_LANGUAGE_STANDARD = "gnu++14";
				CLANG_CXX_LIBRARY = "libc++";
				CLANG_ENABLE_MODULES = YES;
				CLANG_ENABLE_OBJC_ARC = YES;
				CLANG_ENABLE_OBJC_WEAK = YES;
				CLANG_WARN_ASSIGN_ENUM = YES;
				CLANG_WARN_BLOCK_CAPTURE_AUTORELEASING = YES;
				CLANG_WARN_BOOL_CONVERSION = YES;
				CLANG_WARN_COMMA = YES;
				CLANG_WARN_CONSTANT_CONVERSION = YES;
				CLANG_WARN_DEPRECATED_OBJC_IMPLEMENTATIONS = YES;
				CLANG_WARN_DIRECT_OBJC_ISA_USAGE = YES_ERROR;
				CLANG_WARN_DOCUMENTATION_COMMENTS = YES;
				CLANG_WARN_EMPTY_BODY = YES;
				CLANG_WARN_ENUM_CONVERSION = YES;
				CLANG_WARN_INFINITE_RECURSION = YES;
				CLANG_WARN_INT_CONVERSION = YES;
				CLANG_WARN_NON_LITERAL_NULL_CONVERSION = YES;
				CLANG_WARN_OBJC_EXPLICIT_OWNERSHIP_TYPE = YES;
				CLANG_WARN_OBJC_IMPLICIT_RETAIN_SELF = YES;
				CLANG_WARN_OBJC_LITERAL_CONVERSION = YES;
				CLANG_WARN_OBJC_ROOT_CLASS = YES_ERROR;
				CLANG_WARN_QUOTED_INCLUDE_IN_FRAMEWORK_HEADER = YES;
				CLANG_WARN_RANGE_LOOP_ANALYSIS = YES;
				CLANG_WARN_STRICT_PROTOTYPES = YES;
				CLANG_WARN_SUSPICIOUS_IMPLICIT_CONVERSION = YES;
				CLANG_WARN_SUSPICIOUS_MOVE = YES;
				CLANG_WARN_UNGUARDED_AVAILABILITY = YES_AGGRESSIVE;
				CLANG_WARN_UNREACHABLE_CODE = YES;
				CLANG_WARN__DUPLICATE_METHOD_MATCH = YES;
				CODE_SIGN_IDENTITY = "Apple Development";
				COPY_PHASE_STRIP = NO;
				CURRENT_PROJECT_VERSION = 1;
				DEBUG_INFORMATION_FORMAT = "dwarf-with-dsym";
				ENABLE_NS_ASSERTIONS = NO;
				ENABLE_STRICT_OBJC_MSGSEND = YES;
				GCC_C_LANGUAGE_STANDARD = gnu11;
				GCC_NO_COMMON_BLOCKS = YES;
				GCC_WARN_64_TO_32_BIT_CONVERSION = YES;
				GCC_WARN_ABOUT_MISSING_NEWLINE = YES;
				GCC_WARN_ABOUT_RETURN_TYPE = YES_ERROR;
				GCC_WARN_FOUR_CHARACTER_CONSTANTS = YES;
				GCC_WARN_INITIALIZER_NOT_FULLY_BRACKETED = YES;
				GCC_WARN_SIGN_COMPARE = YES;
				GCC_WARN_UNDECLARED_SELECTOR = YES;
				GCC_WARN_UNINITIALIZED_AUTOS = YES_AGGRESSIVE;
				GCC_WARN_UNUSED_FUNCTION = YES;
				GCC_WARN_UNUSED_VARIABLE = YES;
				IPHONEOS_DEPLOYMENT_TARGET = 9.0;
				MTL_ENABLE_DEBUG_INFO = NO;
				MTL_FAST_MATH = YES;
				SDKROOT = iphoneos;
				VALIDATE_PRODUCT = YES;
				VERSIONING_SYSTEM = "apple-generic";
				VERSION_INFO_PREFIX = "";
			};
			name = Release;
		};
		A9C31B0122C22D1100BC33D5 /* Debug */ = {
			isa = XCBuildConfiguration;
			baseConfigurationReference = 31F908A59C0FBEFC6C0C7498 /* Pods-Bandyer-Cordova-Plugin.debug.xcconfig */;
			buildSettings = {
				CODE_SIGN_IDENTITY = "";
				CODE_SIGN_STYLE = Automatic;
				DEFINES_MODULE = YES;
				DYLIB_COMPATIBILITY_VERSION = 1;
				DYLIB_CURRENT_VERSION = 1;
				DYLIB_INSTALL_NAME_BASE = "@rpath";
				ENABLE_BITCODE = NO;
				INFOPLIST_FILE = "$(SRCROOT)/Info.plist";
				INSTALL_PATH = "$(LOCAL_LIBRARY_DIR)/Frameworks";
				LD_RUNPATH_SEARCH_PATHS = "$(inherited)";
				PRODUCT_BUNDLE_IDENTIFIER = "com.bandyer.Bandyer-Cordova-Plugin";
				PRODUCT_NAME = "$(TARGET_NAME:c99extidentifier)";
				SKIP_INSTALL = YES;
				TARGETED_DEVICE_FAMILY = "1,2";
			};
			name = Debug;
		};
		A9C31B0222C22D1100BC33D5 /* Release */ = {
			isa = XCBuildConfiguration;
			baseConfigurationReference = 272A7C77D9CD9661CFD85124 /* Pods-Bandyer-Cordova-Plugin.release.xcconfig */;
			buildSettings = {
				CODE_SIGN_IDENTITY = "";
				CODE_SIGN_STYLE = Automatic;
				DEFINES_MODULE = YES;
				DYLIB_COMPATIBILITY_VERSION = 1;
				DYLIB_CURRENT_VERSION = 1;
				DYLIB_INSTALL_NAME_BASE = "@rpath";
				ENABLE_BITCODE = NO;
				INFOPLIST_FILE = "$(SRCROOT)/Info.plist";
				INSTALL_PATH = "$(LOCAL_LIBRARY_DIR)/Frameworks";
				LD_RUNPATH_SEARCH_PATHS = "$(inherited)";
				PRODUCT_BUNDLE_IDENTIFIER = "com.bandyer.Bandyer-Cordova-Plugin";
				PRODUCT_NAME = "$(TARGET_NAME:c99extidentifier)";
				SKIP_INSTALL = YES;
				TARGETED_DEVICE_FAMILY = "1,2";
			};
			name = Release;
		};
/* End XCBuildConfiguration section */

/* Begin XCConfigurationList section */
		A9637FFF234CC8C20050AAA7 /* Build configuration list for PBXNativeTarget "Bandyer-Cordova-PluginTests" */ = {
			isa = XCConfigurationList;
			buildConfigurations = (
				A9637FFD234CC8C20050AAA7 /* Debug */,
				A9637FFE234CC8C20050AAA7 /* Release */,
			);
			defaultConfigurationIsVisible = 0;
			defaultConfigurationName = Release;
		};
		A9C31AF222C22D1100BC33D5 /* Build configuration list for PBXProject "Bandyer-Cordova-Plugin" */ = {
			isa = XCConfigurationList;
			buildConfigurations = (
				A9C31AFE22C22D1100BC33D5 /* Debug */,
				A9C31AFF22C22D1100BC33D5 /* Release */,
			);
			defaultConfigurationIsVisible = 0;
			defaultConfigurationName = Release;
		};
		A9C31B0022C22D1100BC33D5 /* Build configuration list for PBXNativeTarget "Bandyer-Cordova-Plugin" */ = {
			isa = XCConfigurationList;
			buildConfigurations = (
				A9C31B0122C22D1100BC33D5 /* Debug */,
				A9C31B0222C22D1100BC33D5 /* Release */,
			);
			defaultConfigurationIsVisible = 0;
			defaultConfigurationName = Release;
		};
/* End XCConfigurationList section */
	};
	rootObject = A9C31AEF22C22D1100BC33D5 /* Project object */;
}
